// !$*UTF8*$!
{
	archiveVersion = 1;
	classes = {
	};
	objectVersion = 52;
	objects = {

/* Begin PBXAggregateTarget section */
		"tidepoolkit::TidepoolKitPackageTests::ProductTarget" /* TidepoolKitPackageTests */ = {
			isa = PBXAggregateTarget;
			buildConfigurationList = OBJ_266 /* Build configuration list for PBXAggregateTarget "TidepoolKitPackageTests" */;
			buildPhases = (
			);
			dependencies = (
				OBJ_269 /* PBXTargetDependency */,
			);
			name = TidepoolKitPackageTests;
			productName = TidepoolKitPackageTests;
		};
/* End PBXAggregateTarget section */

/* Begin PBXBuildFile section */
		C145902829E5C2790072BF00 /* AppAuth in Frameworks */ = {isa = PBXBuildFile; productRef = C145902729E5C2790072BF00 /* AppAuth */; };
		C145902A29E5C2790072BF00 /* AppAuthCore in Frameworks */ = {isa = PBXBuildFile; productRef = C145902929E5C2790072BF00 /* AppAuthCore */; };
		C16DA94529B8CDF400CC3610 /* Assets.xcassets in Resources */ = {isa = PBXBuildFile; fileRef = C16DA93E29B8CB6400CC3610 /* Assets.xcassets */; };
		C19C9F5229CA0E6D00A6D3D0 /* Localizable.strings in Resources */ = {isa = PBXBuildFile; fileRef = C19C9F5429CA0E6D00A6D3D0 /* Localizable.strings */; };
		C1A6210D29EC840F00B5A073 /* TUser.swift in Sources */ = {isa = PBXBuildFile; fileRef = C1A6210C29EC840F00B5A073 /* TUser.swift */; };
		C1C9414329EEDC55008D3E05 /* Authorization.swift in Sources */ = {isa = PBXBuildFile; fileRef = C1C9414129EEDC54008D3E05 /* Authorization.swift */; };
		C1C9414429EEDC55008D3E05 /* ProviderConfiguration.swift in Sources */ = {isa = PBXBuildFile; fileRef = C1C9414229EEDC54008D3E05 /* ProviderConfiguration.swift */; };
		OBJ_181 /* JSONDecoder.swift in Sources */ = {isa = PBXBuildFile; fileRef = OBJ_10 /* JSONDecoder.swift */; };
		OBJ_182 /* JSONEncoder.swift in Sources */ = {isa = PBXBuildFile; fileRef = OBJ_11 /* JSONEncoder.swift */; };
		OBJ_183 /* ActionButtonStyle.swift in Sources */ = {isa = PBXBuildFile; fileRef = OBJ_14 /* ActionButtonStyle.swift */; };
		OBJ_184 /* LocalizedString.swift in Sources */ = {isa = PBXBuildFile; fileRef = OBJ_15 /* LocalizedString.swift */; };
		OBJ_185 /* DNS.swift in Sources */ = {isa = PBXBuildFile; fileRef = OBJ_16 /* DNS.swift */; };
		OBJ_186 /* Bundle.swift in Sources */ = {isa = PBXBuildFile; fileRef = OBJ_18 /* Bundle.swift */; };
		OBJ_187 /* Codable.swift in Sources */ = {isa = PBXBuildFile; fileRef = OBJ_19 /* Codable.swift */; };
		OBJ_188 /* DNS+TEnvironment.swift in Sources */ = {isa = PBXBuildFile; fileRef = OBJ_20 /* DNS+TEnvironment.swift */; };
		OBJ_189 /* Date.swift in Sources */ = {isa = PBXBuildFile; fileRef = OBJ_21 /* Date.swift */; };
		OBJ_190 /* HTTPURLResponse.swift in Sources */ = {isa = PBXBuildFile; fileRef = OBJ_22 /* HTTPURLResponse.swift */; };
		OBJ_191 /* Image.swift in Sources */ = {isa = PBXBuildFile; fileRef = OBJ_23 /* Image.swift */; };
		OBJ_192 /* ProcessInfo.swift in Sources */ = {isa = PBXBuildFile; fileRef = OBJ_24 /* ProcessInfo.swift */; };
		OBJ_193 /* TimeInterval.swift in Sources */ = {isa = PBXBuildFile; fileRef = OBJ_25 /* TimeInterval.swift */; };
		OBJ_194 /* UserDefaults.swift in Sources */ = {isa = PBXBuildFile; fileRef = OBJ_26 /* UserDefaults.swift */; };
		OBJ_195 /* Locked.swift in Sources */ = {isa = PBXBuildFile; fileRef = OBJ_27 /* Locked.swift */; };
		OBJ_196 /* ContentPreview.swift in Sources */ = {isa = PBXBuildFile; fileRef = OBJ_29 /* ContentPreview.swift */; };
		OBJ_197 /* DataResponse.swift in Sources */ = {isa = PBXBuildFile; fileRef = OBJ_31 /* DataResponse.swift */; };
		OBJ_198 /* LegacyResponse.swift in Sources */ = {isa = PBXBuildFile; fileRef = OBJ_32 /* LegacyResponse.swift */; };
		OBJ_199 /* LoginResponse.swift in Sources */ = {isa = PBXBuildFile; fileRef = OBJ_33 /* LoginResponse.swift */; };
		OBJ_200 /* UnfairLock.swift in Sources */ = {isa = PBXBuildFile; fileRef = OBJ_34 /* UnfairLock.swift */; };
		OBJ_202 /* WeakSynchronizedSet.swift in Sources */ = {isa = PBXBuildFile; fileRef = OBJ_37 /* WeakSynchronizedSet.swift */; };
		OBJ_203 /* TAutomatedBasalDatum.swift in Sources */ = {isa = PBXBuildFile; fileRef = OBJ_41 /* TAutomatedBasalDatum.swift */; };
		OBJ_204 /* TBasalDatum.swift in Sources */ = {isa = PBXBuildFile; fileRef = OBJ_42 /* TBasalDatum.swift */; };
		OBJ_205 /* TScheduledBasalDatum.swift in Sources */ = {isa = PBXBuildFile; fileRef = OBJ_43 /* TScheduledBasalDatum.swift */; };
		OBJ_206 /* TSuspendedBasalDatum.swift in Sources */ = {isa = PBXBuildFile; fileRef = OBJ_44 /* TSuspendedBasalDatum.swift */; };
		OBJ_207 /* TTemporaryBasalDatum.swift in Sources */ = {isa = PBXBuildFile; fileRef = OBJ_45 /* TTemporaryBasalDatum.swift */; };
		OBJ_208 /* TAutomatedBolusDatum.swift in Sources */ = {isa = PBXBuildFile; fileRef = OBJ_47 /* TAutomatedBolusDatum.swift */; };
		OBJ_209 /* TBolusDatum.swift in Sources */ = {isa = PBXBuildFile; fileRef = OBJ_48 /* TBolusDatum.swift */; };
		OBJ_210 /* TCombinationBolusDatum.swift in Sources */ = {isa = PBXBuildFile; fileRef = OBJ_49 /* TCombinationBolusDatum.swift */; };
		OBJ_211 /* TExtendedBolusDatum.swift in Sources */ = {isa = PBXBuildFile; fileRef = OBJ_50 /* TExtendedBolusDatum.swift */; };
		OBJ_212 /* TNormalBolusDatum.swift in Sources */ = {isa = PBXBuildFile; fileRef = OBJ_51 /* TNormalBolusDatum.swift */; };
		OBJ_213 /* TAlarmDeviceEventDatum.swift in Sources */ = {isa = PBXBuildFile; fileRef = OBJ_53 /* TAlarmDeviceEventDatum.swift */; };
		OBJ_214 /* TCalibrationDeviceEventDatum.swift in Sources */ = {isa = PBXBuildFile; fileRef = OBJ_54 /* TCalibrationDeviceEventDatum.swift */; };
		OBJ_215 /* TDeviceEventDatum.swift in Sources */ = {isa = PBXBuildFile; fileRef = OBJ_55 /* TDeviceEventDatum.swift */; };
		OBJ_216 /* TPrimeDeviceEventDatum.swift in Sources */ = {isa = PBXBuildFile; fileRef = OBJ_56 /* TPrimeDeviceEventDatum.swift */; };
		OBJ_217 /* TPumpSettingsOverrideDeviceEventDatum.swift in Sources */ = {isa = PBXBuildFile; fileRef = OBJ_57 /* TPumpSettingsOverrideDeviceEventDatum.swift */; };
		OBJ_218 /* TReservoirChangeDeviceEventDatum.swift in Sources */ = {isa = PBXBuildFile; fileRef = OBJ_58 /* TReservoirChangeDeviceEventDatum.swift */; };
		OBJ_219 /* TStatusDeviceEventDatum.swift in Sources */ = {isa = PBXBuildFile; fileRef = OBJ_59 /* TStatusDeviceEventDatum.swift */; };
		OBJ_220 /* TTimeChangeDeviceEventDatum.swift in Sources */ = {isa = PBXBuildFile; fileRef = OBJ_60 /* TTimeChangeDeviceEventDatum.swift */; };
		OBJ_221 /* TAlertDatum.swift in Sources */ = {isa = PBXBuildFile; fileRef = OBJ_61 /* TAlertDatum.swift */; };
		OBJ_222 /* TBloodKetoneDatum.swift in Sources */ = {isa = PBXBuildFile; fileRef = OBJ_62 /* TBloodKetoneDatum.swift */; };
		OBJ_223 /* TCBGDatum.swift in Sources */ = {isa = PBXBuildFile; fileRef = OBJ_63 /* TCBGDatum.swift */; };
		OBJ_224 /* TCGMSettingsDatum.swift in Sources */ = {isa = PBXBuildFile; fileRef = OBJ_64 /* TCGMSettingsDatum.swift */; };
		OBJ_225 /* TCalculatorDatum.swift in Sources */ = {isa = PBXBuildFile; fileRef = OBJ_65 /* TCalculatorDatum.swift */; };
		OBJ_226 /* TControllerSettingsDatum.swift in Sources */ = {isa = PBXBuildFile; fileRef = OBJ_66 /* TControllerSettingsDatum.swift */; };
		OBJ_227 /* TControllerStatusDatum.swift in Sources */ = {isa = PBXBuildFile; fileRef = OBJ_67 /* TControllerStatusDatum.swift */; };
		OBJ_228 /* TDatum.swift in Sources */ = {isa = PBXBuildFile; fileRef = OBJ_68 /* TDatum.swift */; };
		OBJ_229 /* TDosingDecisionDatum.swift in Sources */ = {isa = PBXBuildFile; fileRef = OBJ_69 /* TDosingDecisionDatum.swift */; };
		OBJ_230 /* TFoodDatum.swift in Sources */ = {isa = PBXBuildFile; fileRef = OBJ_70 /* TFoodDatum.swift */; };
		OBJ_231 /* TInsulinDatum.swift in Sources */ = {isa = PBXBuildFile; fileRef = OBJ_71 /* TInsulinDatum.swift */; };
		OBJ_232 /* TPhysicalActivityDatum.swift in Sources */ = {isa = PBXBuildFile; fileRef = OBJ_72 /* TPhysicalActivityDatum.swift */; };
		OBJ_233 /* TPumpSettingsDatum.swift in Sources */ = {isa = PBXBuildFile; fileRef = OBJ_73 /* TPumpSettingsDatum.swift */; };
		OBJ_234 /* TPumpStatusDatum.swift in Sources */ = {isa = PBXBuildFile; fileRef = OBJ_74 /* TPumpStatusDatum.swift */; };
		OBJ_235 /* TReportedStateDatum.swift in Sources */ = {isa = PBXBuildFile; fileRef = OBJ_75 /* TReportedStateDatum.swift */; };
		OBJ_236 /* TSMBGDatum.swift in Sources */ = {isa = PBXBuildFile; fileRef = OBJ_76 /* TSMBGDatum.swift */; };
		OBJ_237 /* TWaterDatum.swift in Sources */ = {isa = PBXBuildFile; fileRef = OBJ_77 /* TWaterDatum.swift */; };
		OBJ_238 /* TPrescription.swift in Sources */ = {isa = PBXBuildFile; fileRef = OBJ_79 /* TPrescription.swift */; };
		OBJ_239 /* TPrescriptionClaim.swift in Sources */ = {isa = PBXBuildFile; fileRef = OBJ_80 /* TPrescriptionClaim.swift */; };
		OBJ_240 /* TAssociation.swift in Sources */ = {isa = PBXBuildFile; fileRef = OBJ_81 /* TAssociation.swift */; };
		OBJ_241 /* TBloodGlucose.swift in Sources */ = {isa = PBXBuildFile; fileRef = OBJ_82 /* TBloodGlucose.swift */; };
		OBJ_242 /* TCarbohydrate.swift in Sources */ = {isa = PBXBuildFile; fileRef = OBJ_83 /* TCarbohydrate.swift */; };
		OBJ_243 /* TDataSet.swift in Sources */ = {isa = PBXBuildFile; fileRef = OBJ_84 /* TDataSet.swift */; };
		OBJ_244 /* TDictionary.swift in Sources */ = {isa = PBXBuildFile; fileRef = OBJ_85 /* TDictionary.swift */; };
		OBJ_245 /* TInfo.swift in Sources */ = {isa = PBXBuildFile; fileRef = OBJ_86 /* TInfo.swift */; };
		OBJ_246 /* TInsulin.swift in Sources */ = {isa = PBXBuildFile; fileRef = OBJ_87 /* TInsulin.swift */; };
		OBJ_247 /* TLocation.swift in Sources */ = {isa = PBXBuildFile; fileRef = OBJ_88 /* TLocation.swift */; };
		OBJ_248 /* TOrigin.swift in Sources */ = {isa = PBXBuildFile; fileRef = OBJ_89 /* TOrigin.swift */; };
		OBJ_249 /* TProfile.swift in Sources */ = {isa = PBXBuildFile; fileRef = OBJ_90 /* TProfile.swift */; };
		OBJ_251 /* TAPI.swift in Sources */ = {isa = PBXBuildFile; fileRef = OBJ_92 /* TAPI.swift */; };
		OBJ_252 /* TEnvironment.swift in Sources */ = {isa = PBXBuildFile; fileRef = OBJ_93 /* TEnvironment.swift */; };
		OBJ_253 /* TError.swift in Sources */ = {isa = PBXBuildFile; fileRef = OBJ_94 /* TError.swift */; };
		OBJ_254 /* TLogging.swift in Sources */ = {isa = PBXBuildFile; fileRef = OBJ_95 /* TLogging.swift */; };
		OBJ_255 /* TSession.swift in Sources */ = {isa = PBXBuildFile; fileRef = OBJ_96 /* TSession.swift */; };
		OBJ_264 /* Package.swift in Sources */ = {isa = PBXBuildFile; fileRef = OBJ_6 /* Package.swift */; };
		OBJ_275 /* JSONDecoderTests.swift in Sources */ = {isa = PBXBuildFile; fileRef = OBJ_103 /* JSONDecoderTests.swift */; };
		OBJ_276 /* JSONEncoderTests.swift in Sources */ = {isa = PBXBuildFile; fileRef = OBJ_104 /* JSONEncoderTests.swift */; };
		OBJ_277 /* DataResponseTests.swift in Sources */ = {isa = PBXBuildFile; fileRef = OBJ_107 /* DataResponseTests.swift */; };
		OBJ_278 /* LoginResponseTests.swift in Sources */ = {isa = PBXBuildFile; fileRef = OBJ_108 /* LoginResponseTests.swift */; };
		OBJ_279 /* TAutomatedBasalDatumTests.swift in Sources */ = {isa = PBXBuildFile; fileRef = OBJ_112 /* TAutomatedBasalDatumTests.swift */; };
		OBJ_280 /* TBasalDatumTests.swift in Sources */ = {isa = PBXBuildFile; fileRef = OBJ_113 /* TBasalDatumTests.swift */; };
		OBJ_281 /* TScheduledBasalDatumTests.swift in Sources */ = {isa = PBXBuildFile; fileRef = OBJ_114 /* TScheduledBasalDatumTests.swift */; };
		OBJ_282 /* TSuspendedBasalDatumTests.swift in Sources */ = {isa = PBXBuildFile; fileRef = OBJ_115 /* TSuspendedBasalDatumTests.swift */; };
		OBJ_283 /* TTemporaryBasalDatumTests.swift in Sources */ = {isa = PBXBuildFile; fileRef = OBJ_116 /* TTemporaryBasalDatumTests.swift */; };
		OBJ_284 /* TAutomatedBolusDatumTests.swift in Sources */ = {isa = PBXBuildFile; fileRef = OBJ_118 /* TAutomatedBolusDatumTests.swift */; };
		OBJ_285 /* TBolusDatumTests.swift in Sources */ = {isa = PBXBuildFile; fileRef = OBJ_119 /* TBolusDatumTests.swift */; };
		OBJ_286 /* TCombinationBolusDatumTests.swift in Sources */ = {isa = PBXBuildFile; fileRef = OBJ_120 /* TCombinationBolusDatumTests.swift */; };
		OBJ_287 /* TExtendedBolusDatumTests.swift in Sources */ = {isa = PBXBuildFile; fileRef = OBJ_121 /* TExtendedBolusDatumTests.swift */; };
		OBJ_288 /* TNormalBolusDatumTests.swift in Sources */ = {isa = PBXBuildFile; fileRef = OBJ_122 /* TNormalBolusDatumTests.swift */; };
		OBJ_289 /* TAlarmDeviceEventDatumTests.swift in Sources */ = {isa = PBXBuildFile; fileRef = OBJ_124 /* TAlarmDeviceEventDatumTests.swift */; };
		OBJ_290 /* TCalibrationDeviceEventDatumTests.swift in Sources */ = {isa = PBXBuildFile; fileRef = OBJ_125 /* TCalibrationDeviceEventDatumTests.swift */; };
		OBJ_291 /* TDeviceEventDatumTests.swift in Sources */ = {isa = PBXBuildFile; fileRef = OBJ_126 /* TDeviceEventDatumTests.swift */; };
		OBJ_292 /* TPrimeDeviceEventDatumTests.swift in Sources */ = {isa = PBXBuildFile; fileRef = OBJ_127 /* TPrimeDeviceEventDatumTests.swift */; };
		OBJ_293 /* TPumpSettingsOverrideDeviceEventDatumTests.swift in Sources */ = {isa = PBXBuildFile; fileRef = OBJ_128 /* TPumpSettingsOverrideDeviceEventDatumTests.swift */; };
		OBJ_294 /* TReservoirChangeDeviceEventDatumTests.swift in Sources */ = {isa = PBXBuildFile; fileRef = OBJ_129 /* TReservoirChangeDeviceEventDatumTests.swift */; };
		OBJ_295 /* TStatusDeviceEventDatumTests.swift in Sources */ = {isa = PBXBuildFile; fileRef = OBJ_130 /* TStatusDeviceEventDatumTests.swift */; };
		OBJ_296 /* TTimeChangeDeviceEventDatumTests.swift in Sources */ = {isa = PBXBuildFile; fileRef = OBJ_131 /* TTimeChangeDeviceEventDatumTests.swift */; };
		OBJ_297 /* TAlertDatumTests.swift in Sources */ = {isa = PBXBuildFile; fileRef = OBJ_132 /* TAlertDatumTests.swift */; };
		OBJ_298 /* TBloodKetoneDatumTests.swift in Sources */ = {isa = PBXBuildFile; fileRef = OBJ_133 /* TBloodKetoneDatumTests.swift */; };
		OBJ_299 /* TCBGDatumTests.swift in Sources */ = {isa = PBXBuildFile; fileRef = OBJ_134 /* TCBGDatumTests.swift */; };
		OBJ_300 /* TCGMSettingsDatumTests.swift in Sources */ = {isa = PBXBuildFile; fileRef = OBJ_135 /* TCGMSettingsDatumTests.swift */; };
		OBJ_301 /* TCalculatorDatumTests.swift in Sources */ = {isa = PBXBuildFile; fileRef = OBJ_136 /* TCalculatorDatumTests.swift */; };
		OBJ_302 /* TControllerSettingsDatumTests.swift in Sources */ = {isa = PBXBuildFile; fileRef = OBJ_137 /* TControllerSettingsDatumTests.swift */; };
		OBJ_303 /* TControllerStatusDatumTests.swift in Sources */ = {isa = PBXBuildFile; fileRef = OBJ_138 /* TControllerStatusDatumTests.swift */; };
		OBJ_304 /* TDatumTests.swift in Sources */ = {isa = PBXBuildFile; fileRef = OBJ_139 /* TDatumTests.swift */; };
		OBJ_305 /* TDosingDecisionDatumTests.swift in Sources */ = {isa = PBXBuildFile; fileRef = OBJ_140 /* TDosingDecisionDatumTests.swift */; };
		OBJ_306 /* TFoodDatumTests.swift in Sources */ = {isa = PBXBuildFile; fileRef = OBJ_141 /* TFoodDatumTests.swift */; };
		OBJ_307 /* TInsulinDatumTests.swift in Sources */ = {isa = PBXBuildFile; fileRef = OBJ_142 /* TInsulinDatumTests.swift */; };
		OBJ_308 /* TPhysicalActivityDatumTests.swift in Sources */ = {isa = PBXBuildFile; fileRef = OBJ_143 /* TPhysicalActivityDatumTests.swift */; };
		OBJ_309 /* TPumpSettingsDatumTests.swift in Sources */ = {isa = PBXBuildFile; fileRef = OBJ_144 /* TPumpSettingsDatumTests.swift */; };
		OBJ_310 /* TPumpStatusDatumTests.swift in Sources */ = {isa = PBXBuildFile; fileRef = OBJ_145 /* TPumpStatusDatumTests.swift */; };
		OBJ_311 /* TReportedStateDatumTests.swift in Sources */ = {isa = PBXBuildFile; fileRef = OBJ_146 /* TReportedStateDatumTests.swift */; };
		OBJ_312 /* TSMBGDatumTests.swift in Sources */ = {isa = PBXBuildFile; fileRef = OBJ_147 /* TSMBGDatumTests.swift */; };
		OBJ_313 /* TWaterDatumTests.swift in Sources */ = {isa = PBXBuildFile; fileRef = OBJ_148 /* TWaterDatumTests.swift */; };
		OBJ_314 /* TPrescriptionClaimTests.swift in Sources */ = {isa = PBXBuildFile; fileRef = OBJ_150 /* TPrescriptionClaimTests.swift */; };
		OBJ_315 /* TPrescriptionTests.swift in Sources */ = {isa = PBXBuildFile; fileRef = OBJ_151 /* TPrescriptionTests.swift */; };
		OBJ_316 /* TAssociationTests.swift in Sources */ = {isa = PBXBuildFile; fileRef = OBJ_152 /* TAssociationTests.swift */; };
		OBJ_317 /* TBloodGlucoseTests.swift in Sources */ = {isa = PBXBuildFile; fileRef = OBJ_153 /* TBloodGlucoseTests.swift */; };
		OBJ_318 /* TCarbohydrateTests.swift in Sources */ = {isa = PBXBuildFile; fileRef = OBJ_154 /* TCarbohydrateTests.swift */; };
		OBJ_319 /* TDataSetTests.swift in Sources */ = {isa = PBXBuildFile; fileRef = OBJ_155 /* TDataSetTests.swift */; };
		OBJ_320 /* TInfoTests.swift in Sources */ = {isa = PBXBuildFile; fileRef = OBJ_156 /* TInfoTests.swift */; };
		OBJ_321 /* TInsulinTests.swift in Sources */ = {isa = PBXBuildFile; fileRef = OBJ_157 /* TInsulinTests.swift */; };
		OBJ_322 /* TLocationTests.swift in Sources */ = {isa = PBXBuildFile; fileRef = OBJ_158 /* TLocationTests.swift */; };
		OBJ_323 /* TOriginTests.swift in Sources */ = {isa = PBXBuildFile; fileRef = OBJ_159 /* TOriginTests.swift */; };
		OBJ_324 /* TProfileTests.swift in Sources */ = {isa = PBXBuildFile; fileRef = OBJ_160 /* TProfileTests.swift */; };
		OBJ_325 /* Date.swift in Sources */ = {isa = PBXBuildFile; fileRef = OBJ_163 /* Date.swift */; };
		OBJ_326 /* TimeInterval.swift in Sources */ = {isa = PBXBuildFile; fileRef = OBJ_164 /* TimeInterval.swift */; };
		OBJ_327 /* XCTest.swift in Sources */ = {isa = PBXBuildFile; fileRef = OBJ_165 /* XCTest.swift */; };
		OBJ_328 /* URLProtocolMock.swift in Sources */ = {isa = PBXBuildFile; fileRef = OBJ_166 /* URLProtocolMock.swift */; };
		OBJ_329 /* TAPITests.swift in Sources */ = {isa = PBXBuildFile; fileRef = OBJ_167 /* TAPITests.swift */; };
		OBJ_330 /* TEnvironmentTests.swift in Sources */ = {isa = PBXBuildFile; fileRef = OBJ_168 /* TEnvironmentTests.swift */; };
		OBJ_331 /* TSessionTests.swift in Sources */ = {isa = PBXBuildFile; fileRef = OBJ_169 /* TSessionTests.swift */; };
		OBJ_333 /* TidepoolKit.framework in Frameworks */ = {isa = PBXBuildFile; fileRef = "tidepoolkit::TidepoolKit::Product" /* TidepoolKit.framework */; };
/* End PBXBuildFile section */

/* Begin PBXContainerItemProxy section */
		C16DA93C29B8CB4A00CC3610 /* PBXContainerItemProxy */ = {
			isa = PBXContainerItemProxy;
			containerPortal = OBJ_1 /* Project object */;
			proxyType = 1;
			remoteGlobalIDString = "tidepoolkit::TidepoolKit";
			remoteInfo = TidepoolKit;
		};
		C16DA93F29B8CB8600CC3610 /* PBXContainerItemProxy */ = {
			isa = PBXContainerItemProxy;
			containerPortal = OBJ_1 /* Project object */;
			proxyType = 1;
			remoteGlobalIDString = "tidepoolkit::TidepoolKitTests";
			remoteInfo = TidepoolKitTests;
		};
/* End PBXContainerItemProxy section */

/* Begin PBXFileReference section */
		C100F68429CA25E100586CAB /* en */ = {isa = PBXFileReference; lastKnownFileType = text.plist.strings; name = en; path = en.lproj/Localizable.strings; sourceTree = "<group>"; };
		C15ADC5A29CA1688008D80F1 /* ar */ = {isa = PBXFileReference; lastKnownFileType = text.plist.strings; name = ar; path = ar.lproj/Localizable.strings; sourceTree = "<group>"; };
		C15ADC5B29CA1690008D80F1 /* cs */ = {isa = PBXFileReference; lastKnownFileType = text.plist.strings; name = cs; path = cs.lproj/Localizable.strings; sourceTree = "<group>"; };
		C15ADC5C29CA1696008D80F1 /* ru */ = {isa = PBXFileReference; lastKnownFileType = text.plist.strings; name = ru; path = ru.lproj/Localizable.strings; sourceTree = "<group>"; };
		C15ADC5D29CA16A9008D80F1 /* zh-Hans */ = {isa = PBXFileReference; lastKnownFileType = text.plist.strings; name = "zh-Hans"; path = "zh-Hans.lproj/Localizable.strings"; sourceTree = "<group>"; };
		C15ADC5E29CA16B2008D80F1 /* nl */ = {isa = PBXFileReference; lastKnownFileType = text.plist.strings; name = nl; path = nl.lproj/Localizable.strings; sourceTree = "<group>"; };
		C15ADC5F29CA16B9008D80F1 /* fr */ = {isa = PBXFileReference; lastKnownFileType = text.plist.strings; name = fr; path = fr.lproj/Localizable.strings; sourceTree = "<group>"; };
		C15ADC6029CA16C5008D80F1 /* de */ = {isa = PBXFileReference; lastKnownFileType = text.plist.strings; name = de; path = de.lproj/Localizable.strings; sourceTree = "<group>"; };
		C15ADC6129CA16CD008D80F1 /* it */ = {isa = PBXFileReference; lastKnownFileType = text.plist.strings; name = it; path = it.lproj/Localizable.strings; sourceTree = "<group>"; };
		C15ADC6229CA16D9008D80F1 /* nb */ = {isa = PBXFileReference; lastKnownFileType = text.plist.strings; name = nb; path = nb.lproj/Localizable.strings; sourceTree = "<group>"; };
		C15ADC6329CA16E0008D80F1 /* pl */ = {isa = PBXFileReference; lastKnownFileType = text.plist.strings; name = pl; path = pl.lproj/Localizable.strings; sourceTree = "<group>"; };
		C15ADC6429CA175F008D80F1 /* hi */ = {isa = PBXFileReference; lastKnownFileType = text.plist.strings; name = hi; path = hi.lproj/Localizable.strings; sourceTree = "<group>"; };
		C15ADC6529CA178D008D80F1 /* ja */ = {isa = PBXFileReference; lastKnownFileType = text.plist.strings; name = ja; path = ja.lproj/Localizable.strings; sourceTree = "<group>"; };
		C15ADC6629CA1797008D80F1 /* pt-BR */ = {isa = PBXFileReference; lastKnownFileType = text.plist.strings; name = "pt-BR"; path = "pt-BR.lproj/Localizable.strings"; sourceTree = "<group>"; };
		C15ADC6729CA17A5008D80F1 /* vi */ = {isa = PBXFileReference; lastKnownFileType = text.plist.strings; name = vi; path = vi.lproj/Localizable.strings; sourceTree = "<group>"; };
		C15ADC6829CA17AC008D80F1 /* da */ = {isa = PBXFileReference; lastKnownFileType = text.plist.strings; name = da; path = da.lproj/Localizable.strings; sourceTree = "<group>"; };
		C15ADC6929CA17B4008D80F1 /* sv */ = {isa = PBXFileReference; lastKnownFileType = text.plist.strings; name = sv; path = sv.lproj/Localizable.strings; sourceTree = "<group>"; };
		C15ADC6A29CA17BA008D80F1 /* fi */ = {isa = PBXFileReference; lastKnownFileType = text.plist.strings; name = fi; path = fi.lproj/Localizable.strings; sourceTree = "<group>"; };
		C15ADC6B29CA17C0008D80F1 /* ro */ = {isa = PBXFileReference; lastKnownFileType = text.plist.strings; name = ro; path = ro.lproj/Localizable.strings; sourceTree = "<group>"; };
		C15ADC6C29CA17C5008D80F1 /* tr */ = {isa = PBXFileReference; lastKnownFileType = text.plist.strings; name = tr; path = tr.lproj/Localizable.strings; sourceTree = "<group>"; };
		C15ADC6D29CA17CB008D80F1 /* he */ = {isa = PBXFileReference; lastKnownFileType = text.plist.strings; name = he; path = he.lproj/Localizable.strings; sourceTree = "<group>"; };
		C15ADC6E29CA17D1008D80F1 /* sk */ = {isa = PBXFileReference; lastKnownFileType = text.plist.strings; name = sk; path = sk.lproj/Localizable.strings; sourceTree = "<group>"; };
		C16DA93E29B8CB6400CC3610 /* Assets.xcassets */ = {isa = PBXFileReference; lastKnownFileType = folder.assetcatalog; path = Assets.xcassets; sourceTree = "<group>"; };
		C1A6210C29EC840F00B5A073 /* TUser.swift */ = {isa = PBXFileReference; fileEncoding = 4; lastKnownFileType = sourcecode.swift; path = TUser.swift; sourceTree = "<group>"; };
		C1B1539429CA264600563369 /* es */ = {isa = PBXFileReference; lastKnownFileType = text.plist.strings; name = es; path = es.lproj/Localizable.strings; sourceTree = "<group>"; };
		C1C9414129EEDC54008D3E05 /* Authorization.swift */ = {isa = PBXFileReference; fileEncoding = 4; lastKnownFileType = sourcecode.swift; path = Authorization.swift; sourceTree = "<group>"; };
		C1C9414229EEDC54008D3E05 /* ProviderConfiguration.swift */ = {isa = PBXFileReference; fileEncoding = 4; lastKnownFileType = sourcecode.swift; path = ProviderConfiguration.swift; sourceTree = "<group>"; };
		OBJ_10 /* JSONDecoder.swift */ = {isa = PBXFileReference; lastKnownFileType = sourcecode.swift; path = JSONDecoder.swift; sourceTree = "<group>"; };
		OBJ_103 /* JSONDecoderTests.swift */ = {isa = PBXFileReference; lastKnownFileType = sourcecode.swift; path = JSONDecoderTests.swift; sourceTree = "<group>"; };
		OBJ_104 /* JSONEncoderTests.swift */ = {isa = PBXFileReference; lastKnownFileType = sourcecode.swift; path = JSONEncoderTests.swift; sourceTree = "<group>"; };
		OBJ_107 /* DataResponseTests.swift */ = {isa = PBXFileReference; lastKnownFileType = sourcecode.swift; path = DataResponseTests.swift; sourceTree = "<group>"; };
		OBJ_108 /* LoginResponseTests.swift */ = {isa = PBXFileReference; lastKnownFileType = sourcecode.swift; path = LoginResponseTests.swift; sourceTree = "<group>"; };
		OBJ_11 /* JSONEncoder.swift */ = {isa = PBXFileReference; lastKnownFileType = sourcecode.swift; path = JSONEncoder.swift; sourceTree = "<group>"; };
		OBJ_112 /* TAutomatedBasalDatumTests.swift */ = {isa = PBXFileReference; lastKnownFileType = sourcecode.swift; path = TAutomatedBasalDatumTests.swift; sourceTree = "<group>"; };
		OBJ_113 /* TBasalDatumTests.swift */ = {isa = PBXFileReference; lastKnownFileType = sourcecode.swift; path = TBasalDatumTests.swift; sourceTree = "<group>"; };
		OBJ_114 /* TScheduledBasalDatumTests.swift */ = {isa = PBXFileReference; lastKnownFileType = sourcecode.swift; path = TScheduledBasalDatumTests.swift; sourceTree = "<group>"; };
		OBJ_115 /* TSuspendedBasalDatumTests.swift */ = {isa = PBXFileReference; lastKnownFileType = sourcecode.swift; path = TSuspendedBasalDatumTests.swift; sourceTree = "<group>"; };
		OBJ_116 /* TTemporaryBasalDatumTests.swift */ = {isa = PBXFileReference; lastKnownFileType = sourcecode.swift; path = TTemporaryBasalDatumTests.swift; sourceTree = "<group>"; };
		OBJ_118 /* TAutomatedBolusDatumTests.swift */ = {isa = PBXFileReference; lastKnownFileType = sourcecode.swift; path = TAutomatedBolusDatumTests.swift; sourceTree = "<group>"; };
		OBJ_119 /* TBolusDatumTests.swift */ = {isa = PBXFileReference; lastKnownFileType = sourcecode.swift; path = TBolusDatumTests.swift; sourceTree = "<group>"; };
		OBJ_120 /* TCombinationBolusDatumTests.swift */ = {isa = PBXFileReference; lastKnownFileType = sourcecode.swift; path = TCombinationBolusDatumTests.swift; sourceTree = "<group>"; };
		OBJ_121 /* TExtendedBolusDatumTests.swift */ = {isa = PBXFileReference; lastKnownFileType = sourcecode.swift; path = TExtendedBolusDatumTests.swift; sourceTree = "<group>"; };
		OBJ_122 /* TNormalBolusDatumTests.swift */ = {isa = PBXFileReference; lastKnownFileType = sourcecode.swift; path = TNormalBolusDatumTests.swift; sourceTree = "<group>"; };
		OBJ_124 /* TAlarmDeviceEventDatumTests.swift */ = {isa = PBXFileReference; lastKnownFileType = sourcecode.swift; path = TAlarmDeviceEventDatumTests.swift; sourceTree = "<group>"; };
		OBJ_125 /* TCalibrationDeviceEventDatumTests.swift */ = {isa = PBXFileReference; lastKnownFileType = sourcecode.swift; path = TCalibrationDeviceEventDatumTests.swift; sourceTree = "<group>"; };
		OBJ_126 /* TDeviceEventDatumTests.swift */ = {isa = PBXFileReference; lastKnownFileType = sourcecode.swift; path = TDeviceEventDatumTests.swift; sourceTree = "<group>"; };
		OBJ_127 /* TPrimeDeviceEventDatumTests.swift */ = {isa = PBXFileReference; lastKnownFileType = sourcecode.swift; path = TPrimeDeviceEventDatumTests.swift; sourceTree = "<group>"; };
		OBJ_128 /* TPumpSettingsOverrideDeviceEventDatumTests.swift */ = {isa = PBXFileReference; lastKnownFileType = sourcecode.swift; path = TPumpSettingsOverrideDeviceEventDatumTests.swift; sourceTree = "<group>"; };
		OBJ_129 /* TReservoirChangeDeviceEventDatumTests.swift */ = {isa = PBXFileReference; lastKnownFileType = sourcecode.swift; path = TReservoirChangeDeviceEventDatumTests.swift; sourceTree = "<group>"; };
		OBJ_130 /* TStatusDeviceEventDatumTests.swift */ = {isa = PBXFileReference; lastKnownFileType = sourcecode.swift; path = TStatusDeviceEventDatumTests.swift; sourceTree = "<group>"; };
		OBJ_131 /* TTimeChangeDeviceEventDatumTests.swift */ = {isa = PBXFileReference; lastKnownFileType = sourcecode.swift; path = TTimeChangeDeviceEventDatumTests.swift; sourceTree = "<group>"; };
		OBJ_132 /* TAlertDatumTests.swift */ = {isa = PBXFileReference; lastKnownFileType = sourcecode.swift; path = TAlertDatumTests.swift; sourceTree = "<group>"; };
		OBJ_133 /* TBloodKetoneDatumTests.swift */ = {isa = PBXFileReference; lastKnownFileType = sourcecode.swift; path = TBloodKetoneDatumTests.swift; sourceTree = "<group>"; };
		OBJ_134 /* TCBGDatumTests.swift */ = {isa = PBXFileReference; lastKnownFileType = sourcecode.swift; path = TCBGDatumTests.swift; sourceTree = "<group>"; };
		OBJ_135 /* TCGMSettingsDatumTests.swift */ = {isa = PBXFileReference; lastKnownFileType = sourcecode.swift; path = TCGMSettingsDatumTests.swift; sourceTree = "<group>"; };
		OBJ_136 /* TCalculatorDatumTests.swift */ = {isa = PBXFileReference; lastKnownFileType = sourcecode.swift; path = TCalculatorDatumTests.swift; sourceTree = "<group>"; };
		OBJ_137 /* TControllerSettingsDatumTests.swift */ = {isa = PBXFileReference; lastKnownFileType = sourcecode.swift; path = TControllerSettingsDatumTests.swift; sourceTree = "<group>"; };
		OBJ_138 /* TControllerStatusDatumTests.swift */ = {isa = PBXFileReference; lastKnownFileType = sourcecode.swift; path = TControllerStatusDatumTests.swift; sourceTree = "<group>"; };
		OBJ_139 /* TDatumTests.swift */ = {isa = PBXFileReference; lastKnownFileType = sourcecode.swift; path = TDatumTests.swift; sourceTree = "<group>"; };
		OBJ_14 /* ActionButtonStyle.swift */ = {isa = PBXFileReference; lastKnownFileType = sourcecode.swift; path = ActionButtonStyle.swift; sourceTree = "<group>"; };
		OBJ_140 /* TDosingDecisionDatumTests.swift */ = {isa = PBXFileReference; lastKnownFileType = sourcecode.swift; path = TDosingDecisionDatumTests.swift; sourceTree = "<group>"; };
		OBJ_141 /* TFoodDatumTests.swift */ = {isa = PBXFileReference; lastKnownFileType = sourcecode.swift; path = TFoodDatumTests.swift; sourceTree = "<group>"; };
		OBJ_142 /* TInsulinDatumTests.swift */ = {isa = PBXFileReference; lastKnownFileType = sourcecode.swift; path = TInsulinDatumTests.swift; sourceTree = "<group>"; };
		OBJ_143 /* TPhysicalActivityDatumTests.swift */ = {isa = PBXFileReference; lastKnownFileType = sourcecode.swift; path = TPhysicalActivityDatumTests.swift; sourceTree = "<group>"; };
		OBJ_144 /* TPumpSettingsDatumTests.swift */ = {isa = PBXFileReference; lastKnownFileType = sourcecode.swift; path = TPumpSettingsDatumTests.swift; sourceTree = "<group>"; };
		OBJ_145 /* TPumpStatusDatumTests.swift */ = {isa = PBXFileReference; lastKnownFileType = sourcecode.swift; path = TPumpStatusDatumTests.swift; sourceTree = "<group>"; };
		OBJ_146 /* TReportedStateDatumTests.swift */ = {isa = PBXFileReference; lastKnownFileType = sourcecode.swift; path = TReportedStateDatumTests.swift; sourceTree = "<group>"; };
		OBJ_147 /* TSMBGDatumTests.swift */ = {isa = PBXFileReference; lastKnownFileType = sourcecode.swift; path = TSMBGDatumTests.swift; sourceTree = "<group>"; };
		OBJ_148 /* TWaterDatumTests.swift */ = {isa = PBXFileReference; lastKnownFileType = sourcecode.swift; path = TWaterDatumTests.swift; sourceTree = "<group>"; };
		OBJ_15 /* LocalizedString.swift */ = {isa = PBXFileReference; lastKnownFileType = sourcecode.swift; path = LocalizedString.swift; sourceTree = "<group>"; };
		OBJ_150 /* TPrescriptionClaimTests.swift */ = {isa = PBXFileReference; lastKnownFileType = sourcecode.swift; path = TPrescriptionClaimTests.swift; sourceTree = "<group>"; };
		OBJ_151 /* TPrescriptionTests.swift */ = {isa = PBXFileReference; lastKnownFileType = sourcecode.swift; path = TPrescriptionTests.swift; sourceTree = "<group>"; };
		OBJ_152 /* TAssociationTests.swift */ = {isa = PBXFileReference; lastKnownFileType = sourcecode.swift; path = TAssociationTests.swift; sourceTree = "<group>"; };
		OBJ_153 /* TBloodGlucoseTests.swift */ = {isa = PBXFileReference; lastKnownFileType = sourcecode.swift; path = TBloodGlucoseTests.swift; sourceTree = "<group>"; };
		OBJ_154 /* TCarbohydrateTests.swift */ = {isa = PBXFileReference; lastKnownFileType = sourcecode.swift; path = TCarbohydrateTests.swift; sourceTree = "<group>"; };
		OBJ_155 /* TDataSetTests.swift */ = {isa = PBXFileReference; lastKnownFileType = sourcecode.swift; path = TDataSetTests.swift; sourceTree = "<group>"; };
		OBJ_156 /* TInfoTests.swift */ = {isa = PBXFileReference; lastKnownFileType = sourcecode.swift; path = TInfoTests.swift; sourceTree = "<group>"; };
		OBJ_157 /* TInsulinTests.swift */ = {isa = PBXFileReference; lastKnownFileType = sourcecode.swift; path = TInsulinTests.swift; sourceTree = "<group>"; };
		OBJ_158 /* TLocationTests.swift */ = {isa = PBXFileReference; lastKnownFileType = sourcecode.swift; path = TLocationTests.swift; sourceTree = "<group>"; };
		OBJ_159 /* TOriginTests.swift */ = {isa = PBXFileReference; lastKnownFileType = sourcecode.swift; path = TOriginTests.swift; sourceTree = "<group>"; };
		OBJ_16 /* DNS.swift */ = {isa = PBXFileReference; lastKnownFileType = sourcecode.swift; path = DNS.swift; sourceTree = "<group>"; };
		OBJ_160 /* TProfileTests.swift */ = {isa = PBXFileReference; lastKnownFileType = sourcecode.swift; path = TProfileTests.swift; sourceTree = "<group>"; };
		OBJ_163 /* Date.swift */ = {isa = PBXFileReference; lastKnownFileType = sourcecode.swift; path = Date.swift; sourceTree = "<group>"; };
		OBJ_164 /* TimeInterval.swift */ = {isa = PBXFileReference; lastKnownFileType = sourcecode.swift; path = TimeInterval.swift; sourceTree = "<group>"; };
		OBJ_165 /* XCTest.swift */ = {isa = PBXFileReference; lastKnownFileType = sourcecode.swift; path = XCTest.swift; sourceTree = "<group>"; };
		OBJ_166 /* URLProtocolMock.swift */ = {isa = PBXFileReference; lastKnownFileType = sourcecode.swift; path = URLProtocolMock.swift; sourceTree = "<group>"; };
		OBJ_167 /* TAPITests.swift */ = {isa = PBXFileReference; lastKnownFileType = sourcecode.swift; path = TAPITests.swift; sourceTree = "<group>"; };
		OBJ_168 /* TEnvironmentTests.swift */ = {isa = PBXFileReference; lastKnownFileType = sourcecode.swift; path = TEnvironmentTests.swift; sourceTree = "<group>"; };
		OBJ_169 /* TSessionTests.swift */ = {isa = PBXFileReference; lastKnownFileType = sourcecode.swift; path = TSessionTests.swift; sourceTree = "<group>"; };
		OBJ_173 /* ExampleApp */ = {isa = PBXFileReference; lastKnownFileType = folder; path = ExampleApp; sourceTree = SOURCE_ROOT; };
		OBJ_174 /* LICENSE */ = {isa = PBXFileReference; lastKnownFileType = text; path = LICENSE; sourceTree = "<group>"; };
		OBJ_175 /* README.md */ = {isa = PBXFileReference; lastKnownFileType = net.daringfireball.markdown; path = README.md; sourceTree = "<group>"; };
		OBJ_18 /* Bundle.swift */ = {isa = PBXFileReference; lastKnownFileType = sourcecode.swift; path = Bundle.swift; sourceTree = "<group>"; };
		OBJ_19 /* Codable.swift */ = {isa = PBXFileReference; lastKnownFileType = sourcecode.swift; path = Codable.swift; sourceTree = "<group>"; };
		OBJ_20 /* DNS+TEnvironment.swift */ = {isa = PBXFileReference; lastKnownFileType = sourcecode.swift; path = "DNS+TEnvironment.swift"; sourceTree = "<group>"; };
		OBJ_21 /* Date.swift */ = {isa = PBXFileReference; lastKnownFileType = sourcecode.swift; path = Date.swift; sourceTree = "<group>"; };
		OBJ_22 /* HTTPURLResponse.swift */ = {isa = PBXFileReference; lastKnownFileType = sourcecode.swift; path = HTTPURLResponse.swift; sourceTree = "<group>"; };
		OBJ_23 /* Image.swift */ = {isa = PBXFileReference; lastKnownFileType = sourcecode.swift; path = Image.swift; sourceTree = "<group>"; };
		OBJ_24 /* ProcessInfo.swift */ = {isa = PBXFileReference; lastKnownFileType = sourcecode.swift; path = ProcessInfo.swift; sourceTree = "<group>"; };
		OBJ_25 /* TimeInterval.swift */ = {isa = PBXFileReference; lastKnownFileType = sourcecode.swift; path = TimeInterval.swift; sourceTree = "<group>"; };
		OBJ_26 /* UserDefaults.swift */ = {isa = PBXFileReference; lastKnownFileType = sourcecode.swift; path = UserDefaults.swift; sourceTree = "<group>"; };
		OBJ_27 /* Locked.swift */ = {isa = PBXFileReference; lastKnownFileType = sourcecode.swift; path = Locked.swift; sourceTree = "<group>"; };
		OBJ_29 /* ContentPreview.swift */ = {isa = PBXFileReference; lastKnownFileType = sourcecode.swift; path = ContentPreview.swift; sourceTree = "<group>"; };
		OBJ_31 /* DataResponse.swift */ = {isa = PBXFileReference; lastKnownFileType = sourcecode.swift; path = DataResponse.swift; sourceTree = "<group>"; };
		OBJ_32 /* LegacyResponse.swift */ = {isa = PBXFileReference; lastKnownFileType = sourcecode.swift; path = LegacyResponse.swift; sourceTree = "<group>"; };
		OBJ_33 /* LoginResponse.swift */ = {isa = PBXFileReference; lastKnownFileType = sourcecode.swift; path = LoginResponse.swift; sourceTree = "<group>"; };
		OBJ_34 /* UnfairLock.swift */ = {isa = PBXFileReference; lastKnownFileType = sourcecode.swift; path = UnfairLock.swift; sourceTree = "<group>"; };
		OBJ_37 /* WeakSynchronizedSet.swift */ = {isa = PBXFileReference; lastKnownFileType = sourcecode.swift; path = WeakSynchronizedSet.swift; sourceTree = "<group>"; };
		OBJ_41 /* TAutomatedBasalDatum.swift */ = {isa = PBXFileReference; lastKnownFileType = sourcecode.swift; path = TAutomatedBasalDatum.swift; sourceTree = "<group>"; };
		OBJ_42 /* TBasalDatum.swift */ = {isa = PBXFileReference; lastKnownFileType = sourcecode.swift; path = TBasalDatum.swift; sourceTree = "<group>"; };
		OBJ_43 /* TScheduledBasalDatum.swift */ = {isa = PBXFileReference; lastKnownFileType = sourcecode.swift; path = TScheduledBasalDatum.swift; sourceTree = "<group>"; };
		OBJ_44 /* TSuspendedBasalDatum.swift */ = {isa = PBXFileReference; lastKnownFileType = sourcecode.swift; path = TSuspendedBasalDatum.swift; sourceTree = "<group>"; };
		OBJ_45 /* TTemporaryBasalDatum.swift */ = {isa = PBXFileReference; lastKnownFileType = sourcecode.swift; path = TTemporaryBasalDatum.swift; sourceTree = "<group>"; };
		OBJ_47 /* TAutomatedBolusDatum.swift */ = {isa = PBXFileReference; lastKnownFileType = sourcecode.swift; path = TAutomatedBolusDatum.swift; sourceTree = "<group>"; };
		OBJ_48 /* TBolusDatum.swift */ = {isa = PBXFileReference; lastKnownFileType = sourcecode.swift; path = TBolusDatum.swift; sourceTree = "<group>"; };
		OBJ_49 /* TCombinationBolusDatum.swift */ = {isa = PBXFileReference; lastKnownFileType = sourcecode.swift; path = TCombinationBolusDatum.swift; sourceTree = "<group>"; };
		OBJ_50 /* TExtendedBolusDatum.swift */ = {isa = PBXFileReference; lastKnownFileType = sourcecode.swift; path = TExtendedBolusDatum.swift; sourceTree = "<group>"; };
		OBJ_51 /* TNormalBolusDatum.swift */ = {isa = PBXFileReference; lastKnownFileType = sourcecode.swift; path = TNormalBolusDatum.swift; sourceTree = "<group>"; };
		OBJ_53 /* TAlarmDeviceEventDatum.swift */ = {isa = PBXFileReference; lastKnownFileType = sourcecode.swift; path = TAlarmDeviceEventDatum.swift; sourceTree = "<group>"; };
		OBJ_54 /* TCalibrationDeviceEventDatum.swift */ = {isa = PBXFileReference; lastKnownFileType = sourcecode.swift; path = TCalibrationDeviceEventDatum.swift; sourceTree = "<group>"; };
		OBJ_55 /* TDeviceEventDatum.swift */ = {isa = PBXFileReference; lastKnownFileType = sourcecode.swift; path = TDeviceEventDatum.swift; sourceTree = "<group>"; };
		OBJ_56 /* TPrimeDeviceEventDatum.swift */ = {isa = PBXFileReference; lastKnownFileType = sourcecode.swift; path = TPrimeDeviceEventDatum.swift; sourceTree = "<group>"; };
		OBJ_57 /* TPumpSettingsOverrideDeviceEventDatum.swift */ = {isa = PBXFileReference; lastKnownFileType = sourcecode.swift; path = TPumpSettingsOverrideDeviceEventDatum.swift; sourceTree = "<group>"; };
		OBJ_58 /* TReservoirChangeDeviceEventDatum.swift */ = {isa = PBXFileReference; lastKnownFileType = sourcecode.swift; path = TReservoirChangeDeviceEventDatum.swift; sourceTree = "<group>"; };
		OBJ_59 /* TStatusDeviceEventDatum.swift */ = {isa = PBXFileReference; lastKnownFileType = sourcecode.swift; path = TStatusDeviceEventDatum.swift; sourceTree = "<group>"; };
		OBJ_6 /* Package.swift */ = {isa = PBXFileReference; explicitFileType = sourcecode.swift; path = Package.swift; sourceTree = "<group>"; };
		OBJ_60 /* TTimeChangeDeviceEventDatum.swift */ = {isa = PBXFileReference; lastKnownFileType = sourcecode.swift; path = TTimeChangeDeviceEventDatum.swift; sourceTree = "<group>"; };
		OBJ_61 /* TAlertDatum.swift */ = {isa = PBXFileReference; lastKnownFileType = sourcecode.swift; path = TAlertDatum.swift; sourceTree = "<group>"; };
		OBJ_62 /* TBloodKetoneDatum.swift */ = {isa = PBXFileReference; lastKnownFileType = sourcecode.swift; path = TBloodKetoneDatum.swift; sourceTree = "<group>"; };
		OBJ_63 /* TCBGDatum.swift */ = {isa = PBXFileReference; lastKnownFileType = sourcecode.swift; path = TCBGDatum.swift; sourceTree = "<group>"; };
		OBJ_64 /* TCGMSettingsDatum.swift */ = {isa = PBXFileReference; lastKnownFileType = sourcecode.swift; path = TCGMSettingsDatum.swift; sourceTree = "<group>"; };
		OBJ_65 /* TCalculatorDatum.swift */ = {isa = PBXFileReference; lastKnownFileType = sourcecode.swift; path = TCalculatorDatum.swift; sourceTree = "<group>"; };
		OBJ_66 /* TControllerSettingsDatum.swift */ = {isa = PBXFileReference; lastKnownFileType = sourcecode.swift; path = TControllerSettingsDatum.swift; sourceTree = "<group>"; };
		OBJ_67 /* TControllerStatusDatum.swift */ = {isa = PBXFileReference; lastKnownFileType = sourcecode.swift; path = TControllerStatusDatum.swift; sourceTree = "<group>"; };
		OBJ_68 /* TDatum.swift */ = {isa = PBXFileReference; lastKnownFileType = sourcecode.swift; path = TDatum.swift; sourceTree = "<group>"; };
		OBJ_69 /* TDosingDecisionDatum.swift */ = {isa = PBXFileReference; lastKnownFileType = sourcecode.swift; path = TDosingDecisionDatum.swift; sourceTree = "<group>"; };
		OBJ_70 /* TFoodDatum.swift */ = {isa = PBXFileReference; lastKnownFileType = sourcecode.swift; path = TFoodDatum.swift; sourceTree = "<group>"; };
		OBJ_71 /* TInsulinDatum.swift */ = {isa = PBXFileReference; lastKnownFileType = sourcecode.swift; path = TInsulinDatum.swift; sourceTree = "<group>"; };
		OBJ_72 /* TPhysicalActivityDatum.swift */ = {isa = PBXFileReference; lastKnownFileType = sourcecode.swift; path = TPhysicalActivityDatum.swift; sourceTree = "<group>"; };
		OBJ_73 /* TPumpSettingsDatum.swift */ = {isa = PBXFileReference; lastKnownFileType = sourcecode.swift; path = TPumpSettingsDatum.swift; sourceTree = "<group>"; };
		OBJ_74 /* TPumpStatusDatum.swift */ = {isa = PBXFileReference; lastKnownFileType = sourcecode.swift; path = TPumpStatusDatum.swift; sourceTree = "<group>"; };
		OBJ_75 /* TReportedStateDatum.swift */ = {isa = PBXFileReference; lastKnownFileType = sourcecode.swift; path = TReportedStateDatum.swift; sourceTree = "<group>"; };
		OBJ_76 /* TSMBGDatum.swift */ = {isa = PBXFileReference; lastKnownFileType = sourcecode.swift; path = TSMBGDatum.swift; sourceTree = "<group>"; };
		OBJ_77 /* TWaterDatum.swift */ = {isa = PBXFileReference; lastKnownFileType = sourcecode.swift; path = TWaterDatum.swift; sourceTree = "<group>"; };
		OBJ_79 /* TPrescription.swift */ = {isa = PBXFileReference; lastKnownFileType = sourcecode.swift; path = TPrescription.swift; sourceTree = "<group>"; };
		OBJ_80 /* TPrescriptionClaim.swift */ = {isa = PBXFileReference; lastKnownFileType = sourcecode.swift; path = TPrescriptionClaim.swift; sourceTree = "<group>"; };
		OBJ_81 /* TAssociation.swift */ = {isa = PBXFileReference; lastKnownFileType = sourcecode.swift; path = TAssociation.swift; sourceTree = "<group>"; };
		OBJ_82 /* TBloodGlucose.swift */ = {isa = PBXFileReference; lastKnownFileType = sourcecode.swift; path = TBloodGlucose.swift; sourceTree = "<group>"; };
		OBJ_83 /* TCarbohydrate.swift */ = {isa = PBXFileReference; lastKnownFileType = sourcecode.swift; path = TCarbohydrate.swift; sourceTree = "<group>"; };
		OBJ_84 /* TDataSet.swift */ = {isa = PBXFileReference; lastKnownFileType = sourcecode.swift; path = TDataSet.swift; sourceTree = "<group>"; };
		OBJ_85 /* TDictionary.swift */ = {isa = PBXFileReference; lastKnownFileType = sourcecode.swift; path = TDictionary.swift; sourceTree = "<group>"; };
		OBJ_86 /* TInfo.swift */ = {isa = PBXFileReference; lastKnownFileType = sourcecode.swift; path = TInfo.swift; sourceTree = "<group>"; };
		OBJ_87 /* TInsulin.swift */ = {isa = PBXFileReference; lastKnownFileType = sourcecode.swift; path = TInsulin.swift; sourceTree = "<group>"; };
		OBJ_88 /* TLocation.swift */ = {isa = PBXFileReference; lastKnownFileType = sourcecode.swift; path = TLocation.swift; sourceTree = "<group>"; };
		OBJ_89 /* TOrigin.swift */ = {isa = PBXFileReference; lastKnownFileType = sourcecode.swift; path = TOrigin.swift; sourceTree = "<group>"; };
		OBJ_90 /* TProfile.swift */ = {isa = PBXFileReference; lastKnownFileType = sourcecode.swift; path = TProfile.swift; sourceTree = "<group>"; };
		OBJ_92 /* TAPI.swift */ = {isa = PBXFileReference; lastKnownFileType = sourcecode.swift; path = TAPI.swift; sourceTree = "<group>"; };
		OBJ_93 /* TEnvironment.swift */ = {isa = PBXFileReference; lastKnownFileType = sourcecode.swift; path = TEnvironment.swift; sourceTree = "<group>"; };
		OBJ_94 /* TError.swift */ = {isa = PBXFileReference; lastKnownFileType = sourcecode.swift; path = TError.swift; sourceTree = "<group>"; };
		OBJ_95 /* TLogging.swift */ = {isa = PBXFileReference; lastKnownFileType = sourcecode.swift; path = TLogging.swift; sourceTree = "<group>"; };
		OBJ_96 /* TSession.swift */ = {isa = PBXFileReference; lastKnownFileType = sourcecode.swift; path = TSession.swift; sourceTree = "<group>"; };
		"tidepoolkit::TidepoolKit::Product" /* TidepoolKit.framework */ = {isa = PBXFileReference; lastKnownFileType = wrapper.framework; path = TidepoolKit.framework; sourceTree = BUILT_PRODUCTS_DIR; };
		"tidepoolkit::TidepoolKitTests::Product" /* TidepoolKitTests.xctest */ = {isa = PBXFileReference; lastKnownFileType = file; path = TidepoolKitTests.xctest; sourceTree = BUILT_PRODUCTS_DIR; };
/* End PBXFileReference section */

/* Begin PBXFrameworksBuildPhase section */
		OBJ_258 /* Frameworks */ = {
			isa = PBXFrameworksBuildPhase;
			buildActionMask = 0;
			files = (
				C145902829E5C2790072BF00 /* AppAuth in Frameworks */,
				C145902A29E5C2790072BF00 /* AppAuthCore in Frameworks */,
			);
			runOnlyForDeploymentPostprocessing = 0;
		};
		OBJ_332 /* Frameworks */ = {
			isa = PBXFrameworksBuildPhase;
			buildActionMask = 0;
			files = (
				OBJ_333 /* TidepoolKit.framework in Frameworks */,
			);
			runOnlyForDeploymentPostprocessing = 0;
		};
/* End PBXFrameworksBuildPhase section */

/* Begin PBXGroup section */
		C16DA93D29B8CB6400CC3610 /* Resources */ = {
			isa = PBXGroup;
			children = (
				C16DA93E29B8CB6400CC3610 /* Assets.xcassets */,
				C19C9F5429CA0E6D00A6D3D0 /* Localizable.strings */,
			);
			path = Resources;
			sourceTree = "<group>";
		};
		C1C9414029EEDC54008D3E05 /* Auth */ = {
			isa = PBXGroup;
			children = (
				C1C9414129EEDC54008D3E05 /* Authorization.swift */,
				C1C9414229EEDC54008D3E05 /* ProviderConfiguration.swift */,
			);
			path = Auth;
			sourceTree = "<group>";
		};
		OBJ_100 /* Tests */ = {
			isa = PBXGroup;
			children = (
				OBJ_101 /* TidepoolKitTests */,
			);
			name = Tests;
			sourceTree = SOURCE_ROOT;
		};
		OBJ_101 /* TidepoolKitTests */ = {
			isa = PBXGroup;
			children = (
				OBJ_102 /* Extensions */,
				OBJ_105 /* Internal */,
				OBJ_109 /* Model */,
				OBJ_161 /* Private */,
				OBJ_167 /* TAPITests.swift */,
				OBJ_168 /* TEnvironmentTests.swift */,
				OBJ_169 /* TSessionTests.swift */,
			);
			name = TidepoolKitTests;
			path = Tests/TidepoolKitTests;
			sourceTree = SOURCE_ROOT;
		};
		OBJ_102 /* Extensions */ = {
			isa = PBXGroup;
			children = (
				OBJ_103 /* JSONDecoderTests.swift */,
				OBJ_104 /* JSONEncoderTests.swift */,
			);
			path = Extensions;
			sourceTree = "<group>";
		};
		OBJ_105 /* Internal */ = {
			isa = PBXGroup;
			children = (
				OBJ_106 /* Responses */,
			);
			path = Internal;
			sourceTree = "<group>";
		};
		OBJ_106 /* Responses */ = {
			isa = PBXGroup;
			children = (
				OBJ_107 /* DataResponseTests.swift */,
				OBJ_108 /* LoginResponseTests.swift */,
			);
			path = Responses;
			sourceTree = "<group>";
		};
		OBJ_109 /* Model */ = {
			isa = PBXGroup;
			children = (
				OBJ_110 /* Datum */,
				OBJ_149 /* Prescription */,
				OBJ_152 /* TAssociationTests.swift */,
				OBJ_153 /* TBloodGlucoseTests.swift */,
				OBJ_154 /* TCarbohydrateTests.swift */,
				OBJ_155 /* TDataSetTests.swift */,
				OBJ_156 /* TInfoTests.swift */,
				OBJ_157 /* TInsulinTests.swift */,
				OBJ_158 /* TLocationTests.swift */,
				OBJ_159 /* TOriginTests.swift */,
				OBJ_160 /* TProfileTests.swift */,
			);
			path = Model;
			sourceTree = "<group>";
		};
		OBJ_110 /* Datum */ = {
			isa = PBXGroup;
			children = (
				OBJ_111 /* BasalDatum */,
				OBJ_117 /* BolusDatum */,
				OBJ_123 /* DeviceEventDatum */,
				OBJ_132 /* TAlertDatumTests.swift */,
				OBJ_133 /* TBloodKetoneDatumTests.swift */,
				OBJ_134 /* TCBGDatumTests.swift */,
				OBJ_135 /* TCGMSettingsDatumTests.swift */,
				OBJ_136 /* TCalculatorDatumTests.swift */,
				OBJ_137 /* TControllerSettingsDatumTests.swift */,
				OBJ_138 /* TControllerStatusDatumTests.swift */,
				OBJ_139 /* TDatumTests.swift */,
				OBJ_140 /* TDosingDecisionDatumTests.swift */,
				OBJ_141 /* TFoodDatumTests.swift */,
				OBJ_142 /* TInsulinDatumTests.swift */,
				OBJ_143 /* TPhysicalActivityDatumTests.swift */,
				OBJ_144 /* TPumpSettingsDatumTests.swift */,
				OBJ_145 /* TPumpStatusDatumTests.swift */,
				OBJ_146 /* TReportedStateDatumTests.swift */,
				OBJ_147 /* TSMBGDatumTests.swift */,
				OBJ_148 /* TWaterDatumTests.swift */,
			);
			path = Datum;
			sourceTree = "<group>";
		};
		OBJ_111 /* BasalDatum */ = {
			isa = PBXGroup;
			children = (
				OBJ_112 /* TAutomatedBasalDatumTests.swift */,
				OBJ_113 /* TBasalDatumTests.swift */,
				OBJ_114 /* TScheduledBasalDatumTests.swift */,
				OBJ_115 /* TSuspendedBasalDatumTests.swift */,
				OBJ_116 /* TTemporaryBasalDatumTests.swift */,
			);
			path = BasalDatum;
			sourceTree = "<group>";
		};
		OBJ_117 /* BolusDatum */ = {
			isa = PBXGroup;
			children = (
				OBJ_118 /* TAutomatedBolusDatumTests.swift */,
				OBJ_119 /* TBolusDatumTests.swift */,
				OBJ_120 /* TCombinationBolusDatumTests.swift */,
				OBJ_121 /* TExtendedBolusDatumTests.swift */,
				OBJ_122 /* TNormalBolusDatumTests.swift */,
			);
			path = BolusDatum;
			sourceTree = "<group>";
		};
		OBJ_12 /* Internal */ = {
			isa = PBXGroup;
			children = (
				OBJ_13 /* Common */,
				OBJ_16 /* DNS.swift */,
				OBJ_17 /* Extensions */,
				OBJ_27 /* Locked.swift */,
				OBJ_28 /* Previews */,
				OBJ_30 /* Responses */,
				OBJ_34 /* UnfairLock.swift */,
				OBJ_37 /* WeakSynchronizedSet.swift */,
			);
			path = Internal;
			sourceTree = "<group>";
		};
		OBJ_123 /* DeviceEventDatum */ = {
			isa = PBXGroup;
			children = (
				OBJ_124 /* TAlarmDeviceEventDatumTests.swift */,
				OBJ_125 /* TCalibrationDeviceEventDatumTests.swift */,
				OBJ_126 /* TDeviceEventDatumTests.swift */,
				OBJ_127 /* TPrimeDeviceEventDatumTests.swift */,
				OBJ_128 /* TPumpSettingsOverrideDeviceEventDatumTests.swift */,
				OBJ_129 /* TReservoirChangeDeviceEventDatumTests.swift */,
				OBJ_130 /* TStatusDeviceEventDatumTests.swift */,
				OBJ_131 /* TTimeChangeDeviceEventDatumTests.swift */,
			);
			path = DeviceEventDatum;
			sourceTree = "<group>";
		};
		OBJ_13 /* Common */ = {
			isa = PBXGroup;
			children = (
				OBJ_14 /* ActionButtonStyle.swift */,
				OBJ_15 /* LocalizedString.swift */,
			);
			path = Common;
			sourceTree = "<group>";
		};
		OBJ_149 /* Prescription */ = {
			isa = PBXGroup;
			children = (
				OBJ_150 /* TPrescriptionClaimTests.swift */,
				OBJ_151 /* TPrescriptionTests.swift */,
			);
			path = Prescription;
			sourceTree = "<group>";
		};
		OBJ_161 /* Private */ = {
			isa = PBXGroup;
			children = (
				OBJ_162 /* Extensions */,
				OBJ_166 /* URLProtocolMock.swift */,
			);
			path = Private;
			sourceTree = "<group>";
		};
		OBJ_162 /* Extensions */ = {
			isa = PBXGroup;
			children = (
				OBJ_163 /* Date.swift */,
				OBJ_164 /* TimeInterval.swift */,
				OBJ_165 /* XCTest.swift */,
			);
			path = Extensions;
			sourceTree = "<group>";
		};
		OBJ_17 /* Extensions */ = {
			isa = PBXGroup;
			children = (
				OBJ_18 /* Bundle.swift */,
				OBJ_19 /* Codable.swift */,
				OBJ_20 /* DNS+TEnvironment.swift */,
				OBJ_21 /* Date.swift */,
				OBJ_22 /* HTTPURLResponse.swift */,
				OBJ_23 /* Image.swift */,
				OBJ_24 /* ProcessInfo.swift */,
				OBJ_25 /* TimeInterval.swift */,
				OBJ_26 /* UserDefaults.swift */,
			);
			path = Extensions;
			sourceTree = "<group>";
		};
		OBJ_170 /* Products */ = {
			isa = PBXGroup;
			children = (
				"tidepoolkit::TidepoolKit::Product" /* TidepoolKit.framework */,
				"tidepoolkit::TidepoolKitTests::Product" /* TidepoolKitTests.xctest */,
			);
			name = Products;
			sourceTree = BUILT_PRODUCTS_DIR;
		};
		OBJ_28 /* Previews */ = {
			isa = PBXGroup;
			children = (
				OBJ_29 /* ContentPreview.swift */,
			);
			path = Previews;
			sourceTree = "<group>";
		};
		OBJ_30 /* Responses */ = {
			isa = PBXGroup;
			children = (
				OBJ_31 /* DataResponse.swift */,
				OBJ_32 /* LegacyResponse.swift */,
				OBJ_33 /* LoginResponse.swift */,
			);
			path = Responses;
			sourceTree = "<group>";
		};
		OBJ_38 /* Model */ = {
			isa = PBXGroup;
			children = (
				C1A6210C29EC840F00B5A073 /* TUser.swift */,
				OBJ_39 /* Datum */,
				OBJ_78 /* Prescription */,
				OBJ_81 /* TAssociation.swift */,
				OBJ_82 /* TBloodGlucose.swift */,
				OBJ_83 /* TCarbohydrate.swift */,
				OBJ_84 /* TDataSet.swift */,
				OBJ_85 /* TDictionary.swift */,
				OBJ_86 /* TInfo.swift */,
				OBJ_87 /* TInsulin.swift */,
				OBJ_88 /* TLocation.swift */,
				OBJ_89 /* TOrigin.swift */,
				OBJ_90 /* TProfile.swift */,
			);
			path = Model;
			sourceTree = "<group>";
		};
		OBJ_39 /* Datum */ = {
			isa = PBXGroup;
			children = (
				OBJ_40 /* BasalDatum */,
				OBJ_46 /* BolusDatum */,
				OBJ_52 /* DeviceEventDatum */,
				OBJ_61 /* TAlertDatum.swift */,
				OBJ_62 /* TBloodKetoneDatum.swift */,
				OBJ_63 /* TCBGDatum.swift */,
				OBJ_64 /* TCGMSettingsDatum.swift */,
				OBJ_65 /* TCalculatorDatum.swift */,
				OBJ_66 /* TControllerSettingsDatum.swift */,
				OBJ_67 /* TControllerStatusDatum.swift */,
				OBJ_68 /* TDatum.swift */,
				OBJ_69 /* TDosingDecisionDatum.swift */,
				OBJ_70 /* TFoodDatum.swift */,
				OBJ_71 /* TInsulinDatum.swift */,
				OBJ_72 /* TPhysicalActivityDatum.swift */,
				OBJ_73 /* TPumpSettingsDatum.swift */,
				OBJ_74 /* TPumpStatusDatum.swift */,
				OBJ_75 /* TReportedStateDatum.swift */,
				OBJ_76 /* TSMBGDatum.swift */,
				OBJ_77 /* TWaterDatum.swift */,
			);
			path = Datum;
			sourceTree = "<group>";
		};
		OBJ_40 /* BasalDatum */ = {
			isa = PBXGroup;
			children = (
				OBJ_41 /* TAutomatedBasalDatum.swift */,
				OBJ_42 /* TBasalDatum.swift */,
				OBJ_43 /* TScheduledBasalDatum.swift */,
				OBJ_44 /* TSuspendedBasalDatum.swift */,
				OBJ_45 /* TTemporaryBasalDatum.swift */,
			);
			path = BasalDatum;
			sourceTree = "<group>";
		};
		OBJ_46 /* BolusDatum */ = {
			isa = PBXGroup;
			children = (
				OBJ_47 /* TAutomatedBolusDatum.swift */,
				OBJ_48 /* TBolusDatum.swift */,
				OBJ_49 /* TCombinationBolusDatum.swift */,
				OBJ_50 /* TExtendedBolusDatum.swift */,
				OBJ_51 /* TNormalBolusDatum.swift */,
			);
			path = BolusDatum;
			sourceTree = "<group>";
		};
		OBJ_5 = {
			isa = PBXGroup;
			children = (
				OBJ_6 /* Package.swift */,
				OBJ_7 /* Sources */,
				OBJ_100 /* Tests */,
				OBJ_170 /* Products */,
				OBJ_173 /* ExampleApp */,
				OBJ_174 /* LICENSE */,
				OBJ_175 /* README.md */,
			);
			sourceTree = "<group>";
		};
		OBJ_52 /* DeviceEventDatum */ = {
			isa = PBXGroup;
			children = (
				OBJ_53 /* TAlarmDeviceEventDatum.swift */,
				OBJ_54 /* TCalibrationDeviceEventDatum.swift */,
				OBJ_55 /* TDeviceEventDatum.swift */,
				OBJ_56 /* TPrimeDeviceEventDatum.swift */,
				OBJ_57 /* TPumpSettingsOverrideDeviceEventDatum.swift */,
				OBJ_58 /* TReservoirChangeDeviceEventDatum.swift */,
				OBJ_59 /* TStatusDeviceEventDatum.swift */,
				OBJ_60 /* TTimeChangeDeviceEventDatum.swift */,
			);
			path = DeviceEventDatum;
			sourceTree = "<group>";
		};
		OBJ_7 /* Sources */ = {
			isa = PBXGroup;
			children = (
				OBJ_8 /* TidepoolKit */,
			);
			name = Sources;
			sourceTree = SOURCE_ROOT;
		};
		OBJ_78 /* Prescription */ = {
			isa = PBXGroup;
			children = (
				OBJ_79 /* TPrescription.swift */,
				OBJ_80 /* TPrescriptionClaim.swift */,
			);
			path = Prescription;
			sourceTree = "<group>";
		};
		OBJ_8 /* TidepoolKit */ = {
			isa = PBXGroup;
			children = (
				C1C9414029EEDC54008D3E05 /* Auth */,
				C16DA93D29B8CB6400CC3610 /* Resources */,
				OBJ_9 /* Extensions */,
				OBJ_12 /* Internal */,
				OBJ_38 /* Model */,
				OBJ_92 /* TAPI.swift */,
				OBJ_93 /* TEnvironment.swift */,
				OBJ_94 /* TError.swift */,
				OBJ_95 /* TLogging.swift */,
				OBJ_96 /* TSession.swift */,
			);
			name = TidepoolKit;
			path = Sources/TidepoolKit;
			sourceTree = SOURCE_ROOT;
		};
		OBJ_9 /* Extensions */ = {
			isa = PBXGroup;
			children = (
				OBJ_10 /* JSONDecoder.swift */,
				OBJ_11 /* JSONEncoder.swift */,
			);
			path = Extensions;
			sourceTree = "<group>";
		};
/* End PBXGroup section */

/* Begin PBXNativeTarget section */
		"tidepoolkit::SwiftPMPackageDescription" /* TidepoolKitPackageDescription */ = {
			isa = PBXNativeTarget;
			buildConfigurationList = OBJ_260 /* Build configuration list for PBXNativeTarget "TidepoolKitPackageDescription" */;
			buildPhases = (
				OBJ_263 /* Sources */,
			);
			buildRules = (
			);
			dependencies = (
			);
			name = TidepoolKitPackageDescription;
			productName = TidepoolKitPackageDescription;
			productType = "com.apple.product-type.framework";
		};
		"tidepoolkit::TidepoolKit" /* TidepoolKit */ = {
			isa = PBXNativeTarget;
			buildConfigurationList = OBJ_177 /* Build configuration list for PBXNativeTarget "TidepoolKit" */;
			buildPhases = (
				OBJ_180 /* Sources */,
				OBJ_258 /* Frameworks */,
				C16DA94429B8CDEE00CC3610 /* Resources */,
			);
			buildRules = (
			);
			dependencies = (
			);
			name = TidepoolKit;
			packageProductDependencies = (
				C145902729E5C2790072BF00 /* AppAuth */,
				C145902929E5C2790072BF00 /* AppAuthCore */,
			);
			productName = TidepoolKit;
			productReference = "tidepoolkit::TidepoolKit::Product" /* TidepoolKit.framework */;
			productType = "com.apple.product-type.framework";
		};
		"tidepoolkit::TidepoolKitTests" /* TidepoolKitTests */ = {
			isa = PBXNativeTarget;
			buildConfigurationList = OBJ_271 /* Build configuration list for PBXNativeTarget "TidepoolKitTests" */;
			buildPhases = (
				OBJ_274 /* Sources */,
				OBJ_332 /* Frameworks */,
			);
			buildRules = (
			);
			dependencies = (
				OBJ_334 /* PBXTargetDependency */,
			);
			name = TidepoolKitTests;
			productName = TidepoolKitTests;
			productReference = "tidepoolkit::TidepoolKitTests::Product" /* TidepoolKitTests.xctest */;
			productType = "com.apple.product-type.bundle.unit-test";
		};
/* End PBXNativeTarget section */

/* Begin PBXProject section */
		OBJ_1 /* Project object */ = {
			isa = PBXProject;
			attributes = {
				LastSwiftMigration = 9999;
				LastUpgradeCheck = 9999;
			};
			buildConfigurationList = OBJ_2 /* Build configuration list for PBXProject "TidepoolKit" */;
			compatibilityVersion = "Xcode 3.2";
			developmentRegion = en;
			hasScannedForEncodings = 0;
			knownRegions = (
				en,
				ar,
				cs,
				ru,
				"zh-Hans",
				nl,
				fr,
				de,
				it,
				nb,
				pl,
				hi,
				ja,
				"pt-BR",
				vi,
				da,
				sv,
				fi,
				ro,
				tr,
				he,
				sk,
				es,
			);
			mainGroup = OBJ_5;
			packageReferences = (
				C145902629E5C2790072BF00 /* XCRemoteSwiftPackageReference "AppAuth-iOS" */,
			);
			productRefGroup = OBJ_170 /* Products */;
			projectDirPath = "";
			projectRoot = "";
			targets = (
				"tidepoolkit::TidepoolKit" /* TidepoolKit */,
				"tidepoolkit::SwiftPMPackageDescription" /* TidepoolKitPackageDescription */,
				"tidepoolkit::TidepoolKitPackageTests::ProductTarget" /* TidepoolKitPackageTests */,
				"tidepoolkit::TidepoolKitTests" /* TidepoolKitTests */,
			);
		};
/* End PBXProject section */

/* Begin PBXResourcesBuildPhase section */
		C16DA94429B8CDEE00CC3610 /* Resources */ = {
			isa = PBXResourcesBuildPhase;
			buildActionMask = 2147483647;
			files = (
				C16DA94529B8CDF400CC3610 /* Assets.xcassets in Resources */,
				C19C9F5229CA0E6D00A6D3D0 /* Localizable.strings in Resources */,
			);
			runOnlyForDeploymentPostprocessing = 0;
		};
/* End PBXResourcesBuildPhase section */

/* Begin PBXSourcesBuildPhase section */
		OBJ_180 /* Sources */ = {
			isa = PBXSourcesBuildPhase;
			buildActionMask = 0;
			files = (
				OBJ_181 /* JSONDecoder.swift in Sources */,
				OBJ_182 /* JSONEncoder.swift in Sources */,
				OBJ_183 /* ActionButtonStyle.swift in Sources */,
				OBJ_184 /* LocalizedString.swift in Sources */,
				OBJ_185 /* DNS.swift in Sources */,
				OBJ_186 /* Bundle.swift in Sources */,
				OBJ_187 /* Codable.swift in Sources */,
				OBJ_188 /* DNS+TEnvironment.swift in Sources */,
				OBJ_189 /* Date.swift in Sources */,
				OBJ_190 /* HTTPURLResponse.swift in Sources */,
				OBJ_191 /* Image.swift in Sources */,
				OBJ_192 /* ProcessInfo.swift in Sources */,
				OBJ_193 /* TimeInterval.swift in Sources */,
				OBJ_194 /* UserDefaults.swift in Sources */,
				OBJ_195 /* Locked.swift in Sources */,
				OBJ_196 /* ContentPreview.swift in Sources */,
				OBJ_197 /* DataResponse.swift in Sources */,
				OBJ_198 /* LegacyResponse.swift in Sources */,
				OBJ_199 /* LoginResponse.swift in Sources */,
				OBJ_200 /* UnfairLock.swift in Sources */,
				OBJ_202 /* WeakSynchronizedSet.swift in Sources */,
				OBJ_203 /* TAutomatedBasalDatum.swift in Sources */,
				OBJ_204 /* TBasalDatum.swift in Sources */,
				OBJ_205 /* TScheduledBasalDatum.swift in Sources */,
				OBJ_206 /* TSuspendedBasalDatum.swift in Sources */,
				OBJ_207 /* TTemporaryBasalDatum.swift in Sources */,
				OBJ_208 /* TAutomatedBolusDatum.swift in Sources */,
				OBJ_209 /* TBolusDatum.swift in Sources */,
				OBJ_210 /* TCombinationBolusDatum.swift in Sources */,
				OBJ_211 /* TExtendedBolusDatum.swift in Sources */,
				OBJ_212 /* TNormalBolusDatum.swift in Sources */,
				OBJ_213 /* TAlarmDeviceEventDatum.swift in Sources */,
				OBJ_214 /* TCalibrationDeviceEventDatum.swift in Sources */,
				OBJ_215 /* TDeviceEventDatum.swift in Sources */,
				OBJ_216 /* TPrimeDeviceEventDatum.swift in Sources */,
				OBJ_217 /* TPumpSettingsOverrideDeviceEventDatum.swift in Sources */,
				OBJ_218 /* TReservoirChangeDeviceEventDatum.swift in Sources */,
				OBJ_219 /* TStatusDeviceEventDatum.swift in Sources */,
				OBJ_220 /* TTimeChangeDeviceEventDatum.swift in Sources */,
				OBJ_221 /* TAlertDatum.swift in Sources */,
				OBJ_222 /* TBloodKetoneDatum.swift in Sources */,
				OBJ_223 /* TCBGDatum.swift in Sources */,
				OBJ_224 /* TCGMSettingsDatum.swift in Sources */,
				OBJ_225 /* TCalculatorDatum.swift in Sources */,
				OBJ_226 /* TControllerSettingsDatum.swift in Sources */,
				OBJ_227 /* TControllerStatusDatum.swift in Sources */,
				OBJ_228 /* TDatum.swift in Sources */,
				C1C9414429EEDC55008D3E05 /* ProviderConfiguration.swift in Sources */,
				OBJ_229 /* TDosingDecisionDatum.swift in Sources */,
				OBJ_230 /* TFoodDatum.swift in Sources */,
				OBJ_231 /* TInsulinDatum.swift in Sources */,
				OBJ_232 /* TPhysicalActivityDatum.swift in Sources */,
				OBJ_233 /* TPumpSettingsDatum.swift in Sources */,
				OBJ_234 /* TPumpStatusDatum.swift in Sources */,
				OBJ_235 /* TReportedStateDatum.swift in Sources */,
				C1A6210D29EC840F00B5A073 /* TUser.swift in Sources */,
				OBJ_236 /* TSMBGDatum.swift in Sources */,
				OBJ_237 /* TWaterDatum.swift in Sources */,
				OBJ_238 /* TPrescription.swift in Sources */,
				OBJ_239 /* TPrescriptionClaim.swift in Sources */,
				OBJ_240 /* TAssociation.swift in Sources */,
				OBJ_241 /* TBloodGlucose.swift in Sources */,
				OBJ_242 /* TCarbohydrate.swift in Sources */,
				C1C9414329EEDC55008D3E05 /* Authorization.swift in Sources */,
				OBJ_243 /* TDataSet.swift in Sources */,
				OBJ_244 /* TDictionary.swift in Sources */,
				OBJ_245 /* TInfo.swift in Sources */,
				OBJ_246 /* TInsulin.swift in Sources */,
				OBJ_247 /* TLocation.swift in Sources */,
				OBJ_248 /* TOrigin.swift in Sources */,
				OBJ_249 /* TProfile.swift in Sources */,
				OBJ_251 /* TAPI.swift in Sources */,
				OBJ_252 /* TEnvironment.swift in Sources */,
				OBJ_253 /* TError.swift in Sources */,
				OBJ_254 /* TLogging.swift in Sources */,
				OBJ_255 /* TSession.swift in Sources */,
			);
			runOnlyForDeploymentPostprocessing = 0;
		};
		OBJ_263 /* Sources */ = {
			isa = PBXSourcesBuildPhase;
			buildActionMask = 0;
			files = (
				OBJ_264 /* Package.swift in Sources */,
			);
			runOnlyForDeploymentPostprocessing = 0;
		};
		OBJ_274 /* Sources */ = {
			isa = PBXSourcesBuildPhase;
			buildActionMask = 0;
			files = (
				OBJ_275 /* JSONDecoderTests.swift in Sources */,
				OBJ_276 /* JSONEncoderTests.swift in Sources */,
				OBJ_277 /* DataResponseTests.swift in Sources */,
				OBJ_278 /* LoginResponseTests.swift in Sources */,
				OBJ_279 /* TAutomatedBasalDatumTests.swift in Sources */,
				OBJ_280 /* TBasalDatumTests.swift in Sources */,
				OBJ_281 /* TScheduledBasalDatumTests.swift in Sources */,
				OBJ_282 /* TSuspendedBasalDatumTests.swift in Sources */,
				OBJ_283 /* TTemporaryBasalDatumTests.swift in Sources */,
				OBJ_284 /* TAutomatedBolusDatumTests.swift in Sources */,
				OBJ_285 /* TBolusDatumTests.swift in Sources */,
				OBJ_286 /* TCombinationBolusDatumTests.swift in Sources */,
				OBJ_287 /* TExtendedBolusDatumTests.swift in Sources */,
				OBJ_288 /* TNormalBolusDatumTests.swift in Sources */,
				OBJ_289 /* TAlarmDeviceEventDatumTests.swift in Sources */,
				OBJ_290 /* TCalibrationDeviceEventDatumTests.swift in Sources */,
				OBJ_291 /* TDeviceEventDatumTests.swift in Sources */,
				OBJ_292 /* TPrimeDeviceEventDatumTests.swift in Sources */,
				OBJ_293 /* TPumpSettingsOverrideDeviceEventDatumTests.swift in Sources */,
				OBJ_294 /* TReservoirChangeDeviceEventDatumTests.swift in Sources */,
				OBJ_295 /* TStatusDeviceEventDatumTests.swift in Sources */,
				OBJ_296 /* TTimeChangeDeviceEventDatumTests.swift in Sources */,
				OBJ_297 /* TAlertDatumTests.swift in Sources */,
				OBJ_298 /* TBloodKetoneDatumTests.swift in Sources */,
				OBJ_299 /* TCBGDatumTests.swift in Sources */,
				OBJ_300 /* TCGMSettingsDatumTests.swift in Sources */,
				OBJ_301 /* TCalculatorDatumTests.swift in Sources */,
				OBJ_302 /* TControllerSettingsDatumTests.swift in Sources */,
				OBJ_303 /* TControllerStatusDatumTests.swift in Sources */,
				OBJ_304 /* TDatumTests.swift in Sources */,
				OBJ_305 /* TDosingDecisionDatumTests.swift in Sources */,
				OBJ_306 /* TFoodDatumTests.swift in Sources */,
				OBJ_307 /* TInsulinDatumTests.swift in Sources */,
				OBJ_308 /* TPhysicalActivityDatumTests.swift in Sources */,
				OBJ_309 /* TPumpSettingsDatumTests.swift in Sources */,
				OBJ_310 /* TPumpStatusDatumTests.swift in Sources */,
				OBJ_311 /* TReportedStateDatumTests.swift in Sources */,
				OBJ_312 /* TSMBGDatumTests.swift in Sources */,
				OBJ_313 /* TWaterDatumTests.swift in Sources */,
				OBJ_314 /* TPrescriptionClaimTests.swift in Sources */,
				OBJ_315 /* TPrescriptionTests.swift in Sources */,
				OBJ_316 /* TAssociationTests.swift in Sources */,
				OBJ_317 /* TBloodGlucoseTests.swift in Sources */,
				OBJ_318 /* TCarbohydrateTests.swift in Sources */,
				OBJ_319 /* TDataSetTests.swift in Sources */,
				OBJ_320 /* TInfoTests.swift in Sources */,
				OBJ_321 /* TInsulinTests.swift in Sources */,
				OBJ_322 /* TLocationTests.swift in Sources */,
				OBJ_323 /* TOriginTests.swift in Sources */,
				OBJ_324 /* TProfileTests.swift in Sources */,
				OBJ_325 /* Date.swift in Sources */,
				OBJ_326 /* TimeInterval.swift in Sources */,
				OBJ_327 /* XCTest.swift in Sources */,
				OBJ_328 /* URLProtocolMock.swift in Sources */,
				OBJ_329 /* TAPITests.swift in Sources */,
				OBJ_330 /* TEnvironmentTests.swift in Sources */,
				OBJ_331 /* TSessionTests.swift in Sources */,
			);
			runOnlyForDeploymentPostprocessing = 0;
		};
/* End PBXSourcesBuildPhase section */

/* Begin PBXTargetDependency section */
		OBJ_269 /* PBXTargetDependency */ = {
			isa = PBXTargetDependency;
			target = "tidepoolkit::TidepoolKitTests" /* TidepoolKitTests */;
			targetProxy = C16DA93F29B8CB8600CC3610 /* PBXContainerItemProxy */;
		};
		OBJ_334 /* PBXTargetDependency */ = {
			isa = PBXTargetDependency;
			target = "tidepoolkit::TidepoolKit" /* TidepoolKit */;
			targetProxy = C16DA93C29B8CB4A00CC3610 /* PBXContainerItemProxy */;
		};
/* End PBXTargetDependency section */

/* Begin PBXVariantGroup section */
		C19C9F5429CA0E6D00A6D3D0 /* Localizable.strings */ = {
			isa = PBXVariantGroup;
			children = (
				C15ADC5A29CA1688008D80F1 /* ar */,
				C15ADC5B29CA1690008D80F1 /* cs */,
				C15ADC5C29CA1696008D80F1 /* ru */,
				C15ADC5D29CA16A9008D80F1 /* zh-Hans */,
				C15ADC5E29CA16B2008D80F1 /* nl */,
				C15ADC5F29CA16B9008D80F1 /* fr */,
				C15ADC6029CA16C5008D80F1 /* de */,
				C15ADC6129CA16CD008D80F1 /* it */,
				C15ADC6229CA16D9008D80F1 /* nb */,
				C15ADC6329CA16E0008D80F1 /* pl */,
				C15ADC6429CA175F008D80F1 /* hi */,
				C15ADC6529CA178D008D80F1 /* ja */,
				C15ADC6629CA1797008D80F1 /* pt-BR */,
				C15ADC6729CA17A5008D80F1 /* vi */,
				C15ADC6829CA17AC008D80F1 /* da */,
				C15ADC6929CA17B4008D80F1 /* sv */,
				C15ADC6A29CA17BA008D80F1 /* fi */,
				C15ADC6B29CA17C0008D80F1 /* ro */,
				C15ADC6C29CA17C5008D80F1 /* tr */,
				C15ADC6D29CA17CB008D80F1 /* he */,
				C15ADC6E29CA17D1008D80F1 /* sk */,
				C100F68429CA25E100586CAB /* en */,
				C1B1539429CA264600563369 /* es */,
			);
			name = Localizable.strings;
			sourceTree = "<group>";
		};
/* End PBXVariantGroup section */

/* Begin XCBuildConfiguration section */
		OBJ_178 /* Debug */ = {
			isa = XCBuildConfiguration;
			buildSettings = {
				CURRENT_PROJECT_VERSION = 1;
				DRIVERKIT_DEPLOYMENT_TARGET = 19.0;
				ENABLE_TESTABILITY = YES;
				FRAMEWORK_SEARCH_PATHS = (
					"$(inherited)",
					"$(PLATFORM_DIR)/Developer/Library/Frameworks",
				);
				HEADER_SEARCH_PATHS = "$(inherited)";
				INFOPLIST_FILE = TidepoolKit.xcodeproj/TidepoolKit_Info.plist;
				IPHONEOS_DEPLOYMENT_TARGET = 14.0;
				LD_RUNPATH_SEARCH_PATHS = (
					"$(inherited)",
					"$(TOOLCHAIN_DIR)/usr/lib/swift/macosx",
				);
				MACOSX_DEPLOYMENT_TARGET = 10.13;
				OTHER_CFLAGS = "$(inherited)";
				OTHER_LDFLAGS = "$(inherited)";
				OTHER_SWIFT_FLAGS = "$(inherited)";
				PRODUCT_BUNDLE_IDENTIFIER = TidepoolKit;
				PRODUCT_MODULE_NAME = "$(TARGET_NAME:c99extidentifier)";
				PRODUCT_NAME = "$(TARGET_NAME:c99extidentifier)";
				SKIP_INSTALL = YES;
				SWIFT_ACTIVE_COMPILATION_CONDITIONS = "$(inherited)";
				SWIFT_VERSION = 5.0;
				TARGET_NAME = TidepoolKit;
				TVOS_DEPLOYMENT_TARGET = 11.0;
				WATCHOS_DEPLOYMENT_TARGET = 4.0;
			};
			name = Debug;
		};
		OBJ_179 /* Release */ = {
			isa = XCBuildConfiguration;
			buildSettings = {
				CURRENT_PROJECT_VERSION = 1;
				DRIVERKIT_DEPLOYMENT_TARGET = 19.0;
				ENABLE_TESTABILITY = YES;
				FRAMEWORK_SEARCH_PATHS = (
					"$(inherited)",
					"$(PLATFORM_DIR)/Developer/Library/Frameworks",
				);
				HEADER_SEARCH_PATHS = "$(inherited)";
				INFOPLIST_FILE = TidepoolKit.xcodeproj/TidepoolKit_Info.plist;
				IPHONEOS_DEPLOYMENT_TARGET = 14.0;
				LD_RUNPATH_SEARCH_PATHS = (
					"$(inherited)",
					"$(TOOLCHAIN_DIR)/usr/lib/swift/macosx",
				);
				MACOSX_DEPLOYMENT_TARGET = 10.13;
				OTHER_CFLAGS = "$(inherited)";
				OTHER_LDFLAGS = "$(inherited)";
				OTHER_SWIFT_FLAGS = "$(inherited)";
				PRODUCT_BUNDLE_IDENTIFIER = TidepoolKit;
				PRODUCT_MODULE_NAME = "$(TARGET_NAME:c99extidentifier)";
				PRODUCT_NAME = "$(TARGET_NAME:c99extidentifier)";
				SKIP_INSTALL = YES;
				SWIFT_ACTIVE_COMPILATION_CONDITIONS = "$(inherited)";
				SWIFT_VERSION = 5.0;
				TARGET_NAME = TidepoolKit;
				TVOS_DEPLOYMENT_TARGET = 11.0;
				WATCHOS_DEPLOYMENT_TARGET = 4.0;
			};
			name = Release;
		};
		OBJ_261 /* Debug */ = {
			isa = XCBuildConfiguration;
			buildSettings = {
				LD = /usr/bin/true;
				OTHER_SWIFT_FLAGS = "-swift-version 5 -I $(TOOLCHAIN_DIR)/usr/lib/swift/pm/ManifestAPI -sdk /Applications/Xcode.app/Contents/Developer/Platforms/MacOSX.platform/Developer/SDKs/MacOSX13.1.sdk -package-description-version 5.7.0";
				SWIFT_VERSION = 5.0;
			};
			name = Debug;
		};
		OBJ_262 /* Release */ = {
			isa = XCBuildConfiguration;
			buildSettings = {
				LD = /usr/bin/true;
				OTHER_SWIFT_FLAGS = "-swift-version 5 -I $(TOOLCHAIN_DIR)/usr/lib/swift/pm/ManifestAPI -sdk /Applications/Xcode.app/Contents/Developer/Platforms/MacOSX.platform/Developer/SDKs/MacOSX13.1.sdk -package-description-version 5.7.0";
				SWIFT_VERSION = 5.0;
			};
			name = Release;
		};
		OBJ_267 /* Debug */ = {
			isa = XCBuildConfiguration;
			buildSettings = {
			};
			name = Debug;
		};
		OBJ_268 /* Release */ = {
			isa = XCBuildConfiguration;
			buildSettings = {
			};
			name = Release;
		};
		OBJ_272 /* Debug */ = {
			isa = XCBuildConfiguration;
			buildSettings = {
				CLANG_ENABLE_MODULES = YES;
				CURRENT_PROJECT_VERSION = 1;
				DRIVERKIT_DEPLOYMENT_TARGET = 19.0;
				EMBEDDED_CONTENT_CONTAINS_SWIFT = YES;
				FRAMEWORK_SEARCH_PATHS = (
					"$(inherited)",
					"$(PLATFORM_DIR)/Developer/Library/Frameworks",
				);
				HEADER_SEARCH_PATHS = "$(inherited)";
				INFOPLIST_FILE = TidepoolKit.xcodeproj/TidepoolKitTests_Info.plist;
				IPHONEOS_DEPLOYMENT_TARGET = 14.0;
				LD_RUNPATH_SEARCH_PATHS = (
					"$(inherited)",
					"@loader_path/../Frameworks",
					"@loader_path/Frameworks",
				);
				MACOSX_DEPLOYMENT_TARGET = 11.0;
				OTHER_CFLAGS = "$(inherited)";
				OTHER_LDFLAGS = "$(inherited)";
				OTHER_SWIFT_FLAGS = "$(inherited)";
				SWIFT_ACTIVE_COMPILATION_CONDITIONS = "$(inherited)";
				SWIFT_VERSION = 5.0;
				TARGET_NAME = TidepoolKitTests;
				TVOS_DEPLOYMENT_TARGET = 14.0;
				WATCHOS_DEPLOYMENT_TARGET = 7.0;
			};
			name = Debug;
		};
		OBJ_273 /* Release */ = {
			isa = XCBuildConfiguration;
			buildSettings = {
				CLANG_ENABLE_MODULES = YES;
				CURRENT_PROJECT_VERSION = 1;
				DRIVERKIT_DEPLOYMENT_TARGET = 19.0;
				EMBEDDED_CONTENT_CONTAINS_SWIFT = YES;
				FRAMEWORK_SEARCH_PATHS = (
					"$(inherited)",
					"$(PLATFORM_DIR)/Developer/Library/Frameworks",
				);
				HEADER_SEARCH_PATHS = "$(inherited)";
				INFOPLIST_FILE = TidepoolKit.xcodeproj/TidepoolKitTests_Info.plist;
				IPHONEOS_DEPLOYMENT_TARGET = 14.0;
				LD_RUNPATH_SEARCH_PATHS = (
					"$(inherited)",
					"@loader_path/../Frameworks",
					"@loader_path/Frameworks",
				);
				MACOSX_DEPLOYMENT_TARGET = 11.0;
				OTHER_CFLAGS = "$(inherited)";
				OTHER_LDFLAGS = "$(inherited)";
				OTHER_SWIFT_FLAGS = "$(inherited)";
				SWIFT_ACTIVE_COMPILATION_CONDITIONS = "$(inherited)";
				SWIFT_VERSION = 5.0;
				TARGET_NAME = TidepoolKitTests;
				TVOS_DEPLOYMENT_TARGET = 14.0;
				WATCHOS_DEPLOYMENT_TARGET = 7.0;
			};
			name = Release;
		};
		OBJ_3 /* Debug */ = {
			isa = XCBuildConfiguration;
			buildSettings = {
				CLANG_ANALYZER_LOCALIZABILITY_NONLOCALIZED = YES;
				CLANG_ENABLE_OBJC_ARC = YES;
				COMBINE_HIDPI_IMAGES = YES;
				COPY_PHASE_STRIP = NO;
				DEBUG_INFORMATION_FORMAT = dwarf;
				DYLIB_INSTALL_NAME_BASE = "@rpath";
				ENABLE_NS_ASSERTIONS = YES;
				GCC_OPTIMIZATION_LEVEL = 0;
				GCC_PREPROCESSOR_DEFINITIONS = (
					"$(inherited)",
					"SWIFT_PACKAGE=1",
					"DEBUG=1",
				);
				IPHONEOS_DEPLOYMENT_TARGET = 15.1;
				LOCALIZED_STRING_MACRO_NAMES = (
					NSLocalizedString,
					CFCopyLocalizedString,
					LocalizedString,
				);
				MACOSX_DEPLOYMENT_TARGET = 10.10;
				ONLY_ACTIVE_ARCH = YES;
				OTHER_SWIFT_FLAGS = "$(inherited) -DXcode";
				PRODUCT_NAME = "$(TARGET_NAME)";
				SDKROOT = macosx;
				SUPPORTED_PLATFORMS = "$(AVAILABLE_PLATFORMS)";
				SUPPORTS_MACCATALYST = YES;
				SWIFT_ACTIVE_COMPILATION_CONDITIONS = "$(inherited) SWIFT_PACKAGE DEBUG";
				SWIFT_OPTIMIZATION_LEVEL = "-Onone";
				USE_HEADERMAP = NO;
			};
			name = Debug;
		};
		OBJ_4 /* Release */ = {
			isa = XCBuildConfiguration;
			buildSettings = {
				CLANG_ANALYZER_LOCALIZABILITY_NONLOCALIZED = YES;
				CLANG_ENABLE_OBJC_ARC = YES;
				COMBINE_HIDPI_IMAGES = YES;
				COPY_PHASE_STRIP = YES;
				DEBUG_INFORMATION_FORMAT = "dwarf-with-dsym";
				DYLIB_INSTALL_NAME_BASE = "@rpath";
				GCC_OPTIMIZATION_LEVEL = s;
				GCC_PREPROCESSOR_DEFINITIONS = (
					"$(inherited)",
					"SWIFT_PACKAGE=1",
				);
				IPHONEOS_DEPLOYMENT_TARGET = 15.1;
				LOCALIZED_STRING_MACRO_NAMES = (
					NSLocalizedString,
					CFCopyLocalizedString,
					LocalizedString,
				);
				MACOSX_DEPLOYMENT_TARGET = 10.10;
				OTHER_SWIFT_FLAGS = "$(inherited) -DXcode";
				PRODUCT_NAME = "$(TARGET_NAME)";
				SDKROOT = macosx;
				SUPPORTED_PLATFORMS = "$(AVAILABLE_PLATFORMS)";
				SUPPORTS_MACCATALYST = YES;
				SWIFT_ACTIVE_COMPILATION_CONDITIONS = "$(inherited) SWIFT_PACKAGE";
				SWIFT_COMPILATION_MODE = wholemodule;
				SWIFT_OPTIMIZATION_LEVEL = "-O";
				USE_HEADERMAP = NO;
			};
			name = Release;
		};
/* End XCBuildConfiguration section */

/* Begin XCConfigurationList section */
		OBJ_177 /* Build configuration list for PBXNativeTarget "TidepoolKit" */ = {
			isa = XCConfigurationList;
			buildConfigurations = (
				OBJ_178 /* Debug */,
				OBJ_179 /* Release */,
			);
			defaultConfigurationIsVisible = 0;
			defaultConfigurationName = Release;
		};
		OBJ_2 /* Build configuration list for PBXProject "TidepoolKit" */ = {
			isa = XCConfigurationList;
			buildConfigurations = (
				OBJ_3 /* Debug */,
				OBJ_4 /* Release */,
			);
			defaultConfigurationIsVisible = 0;
			defaultConfigurationName = Release;
		};
		OBJ_260 /* Build configuration list for PBXNativeTarget "TidepoolKitPackageDescription" */ = {
			isa = XCConfigurationList;
			buildConfigurations = (
				OBJ_261 /* Debug */,
				OBJ_262 /* Release */,
			);
			defaultConfigurationIsVisible = 0;
			defaultConfigurationName = Release;
		};
		OBJ_266 /* Build configuration list for PBXAggregateTarget "TidepoolKitPackageTests" */ = {
			isa = XCConfigurationList;
			buildConfigurations = (
				OBJ_267 /* Debug */,
				OBJ_268 /* Release */,
			);
			defaultConfigurationIsVisible = 0;
			defaultConfigurationName = Release;
		};
		OBJ_271 /* Build configuration list for PBXNativeTarget "TidepoolKitTests" */ = {
			isa = XCConfigurationList;
			buildConfigurations = (
				OBJ_272 /* Debug */,
				OBJ_273 /* Release */,
			);
			defaultConfigurationIsVisible = 0;
			defaultConfigurationName = Release;
		};
/* End XCConfigurationList section */

/* Begin XCRemoteSwiftPackageReference section */
		C145902629E5C2790072BF00 /* XCRemoteSwiftPackageReference "AppAuth-iOS" */ = {
			isa = XCRemoteSwiftPackageReference;
			repositoryURL = "https://github.com/openid/AppAuth-iOS";
			requirement = {
				kind = upToNextMajorVersion;
				minimumVersion = 1.3.0;
			};
		};
/* End XCRemoteSwiftPackageReference section */

/* Begin XCSwiftPackageProductDependency section */
		C145902729E5C2790072BF00 /* AppAuth */ = {
			isa = XCSwiftPackageProductDependency;
			package = C145902629E5C2790072BF00 /* XCRemoteSwiftPackageReference "AppAuth-iOS" */;
			productName = AppAuth;
		};
		C145902929E5C2790072BF00 /* AppAuthCore */ = {
			isa = XCSwiftPackageProductDependency;
			package = C145902629E5C2790072BF00 /* XCRemoteSwiftPackageReference "AppAuth-iOS" */;
			productName = AppAuthCore;
		};
/* End XCSwiftPackageProductDependency section */
	};
	rootObject = OBJ_1 /* Project object */;
}
